
Microsoft Visual Studio Solution File, Format Version 12.00
# Visual Studio Version 16
VisualStudioVersion = 16.0.28407.52
MinimumVisualStudioVersion = 10.0.40219.1
Project("{FAE04EC0-301F-11D3-BF4B-00C04F79EFBC}") = "vdextensions", "vdextensions.csproj", "{3A338E86-A08A-4F9A-8DB1-A5C280773BA3}"
EndProject
Project("{FAE04EC0-301F-11D3-BF4B-00C04F79EFBC}") = "dbuild", "..\msbuild\dbuild\dbuild.csproj", "{45508B90-440B-46DD-82CC-178196D9794E}"
EndProject
Project("{FAE04EC0-301F-11D3-BF4B-00C04F79EFBC}") = "DParserCOMServer", "..\vdc\abothe\comserver\DParserCOMServer.csproj", "{7B4FB722-905A-4851-8399-1E0F3361CCD8}"
EndProject
Project("{FAE04EC0-301F-11D3-BF4B-00C04F79EFBC}") = "DParser2", "..\vdc\abothe\Parser\DParser2\DParser2.csproj", "{0290A229-9AA1-41C3-B525-CAFB86D8BC42}"
EndProject
Project("{FAE04EC0-301F-11D3-BF4B-00C04F79EFBC}") = "VisualDWizard", "..\vdwizard\VisualDWizard.csproj", "{32171DBC-DB3B-401A-B3F7-06356D6167EE}"
EndProject
Project("{FAE04EC0-301F-11D3-BF4B-00C04F79EFBC}") = "vdext15", "vdext15.csproj", "{64534E86-A08A-4F9A-8DB1-A5C280773BA3}"
EndProject
Global
	GlobalSection(SolutionConfigurationPlatforms) = preSolution
		Debug|Any CPU = Debug|Any CPU
		Debug|Mixed Platforms = Debug|Mixed Platforms
		Debug|x86 = Debug|x86
		Debug-Linux|Any CPU = Debug-Linux|Any CPU
		Debug-Linux|Mixed Platforms = Debug-Linux|Mixed Platforms
		Debug-Linux|x86 = Debug-Linux|x86
		Debug-v14|Any CPU = Debug-v14|Any CPU
		Debug-v14|Mixed Platforms = Debug-v14|Mixed Platforms
		Debug-v14|x86 = Debug-v14|x86
		Debug-v16|Any CPU = Debug-v16|Any CPU
		Debug-v16|Mixed Platforms = Debug-v16|Mixed Platforms
		Debug-v16|x86 = Debug-v16|x86
		Release|Any CPU = Release|Any CPU
		Release|Mixed Platforms = Release|Mixed Platforms
		Release|x86 = Release|x86
		Release-v14|Any CPU = Release-v14|Any CPU
		Release-v14|Mixed Platforms = Release-v14|Mixed Platforms
		Release-v14|x86 = Release-v14|x86
	EndGlobalSection
	GlobalSection(ProjectConfigurationPlatforms) = postSolution
		{3A338E86-A08A-4F9A-8DB1-A5C280773BA3}.Debug|Any CPU.ActiveCfg = Debug|Any CPU
		{3A338E86-A08A-4F9A-8DB1-A5C280773BA3}.Debug|Any CPU.Build.0 = Debug|Any CPU
		{3A338E86-A08A-4F9A-8DB1-A5C280773BA3}.Debug|Mixed Platforms.ActiveCfg = Debug|x86
		{3A338E86-A08A-4F9A-8DB1-A5C280773BA3}.Debug|Mixed Platforms.Build.0 = Debug|x86
		{3A338E86-A08A-4F9A-8DB1-A5C280773BA3}.Debug|x86.ActiveCfg = Debug|x86
		{3A338E86-A08A-4F9A-8DB1-A5C280773BA3}.Debug|x86.Build.0 = Debug|x86
		{3A338E86-A08A-4F9A-8DB1-A5C280773BA3}.Debug-Linux|Any CPU.ActiveCfg = Debug|Any CPU
		{3A338E86-A08A-4F9A-8DB1-A5C280773BA3}.Debug-Linux|Any CPU.Build.0 = Debug|Any CPU
		{3A338E86-A08A-4F9A-8DB1-A5C280773BA3}.Debug-Linux|Mixed Platforms.ActiveCfg = Debug|x86
		{3A338E86-A08A-4F9A-8DB1-A5C280773BA3}.Debug-Linux|Mixed Platforms.Build.0 = Debug|x86
		{3A338E86-A08A-4F9A-8DB1-A5C280773BA3}.Debug-Linux|x86.ActiveCfg = Debug|x86
		{3A338E86-A08A-4F9A-8DB1-A5C280773BA3}.Debug-Linux|x86.Build.0 = Debug|x86
		{3A338E86-A08A-4F9A-8DB1-A5C280773BA3}.Debug-v14|Any CPU.ActiveCfg = Debug|Any CPU
		{3A338E86-A08A-4F9A-8DB1-A5C280773BA3}.Debug-v14|Any CPU.Build.0 = Debug|Any CPU
		{3A338E86-A08A-4F9A-8DB1-A5C280773BA3}.Debug-v14|Mixed Platforms.ActiveCfg = Debug|x86
		{3A338E86-A08A-4F9A-8DB1-A5C280773BA3}.Debug-v14|Mixed Platforms.Build.0 = Debug|x86
		{3A338E86-A08A-4F9A-8DB1-A5C280773BA3}.Debug-v14|x86.ActiveCfg = Debug|x86
		{3A338E86-A08A-4F9A-8DB1-A5C280773BA3}.Debug-v14|x86.Build.0 = Debug|x86
		{3A338E86-A08A-4F9A-8DB1-A5C280773BA3}.Debug-v16|Any CPU.ActiveCfg = Debug|Any CPU
		{3A338E86-A08A-4F9A-8DB1-A5C280773BA3}.Debug-v16|Any CPU.Build.0 = Debug|Any CPU
		{3A338E86-A08A-4F9A-8DB1-A5C280773BA3}.Debug-v16|Mixed Platforms.ActiveCfg = Debug|x86
		{3A338E86-A08A-4F9A-8DB1-A5C280773BA3}.Debug-v16|Mixed Platforms.Build.0 = Debug|x86
		{3A338E86-A08A-4F9A-8DB1-A5C280773BA3}.Debug-v16|x86.ActiveCfg = Debug|x86
		{3A338E86-A08A-4F9A-8DB1-A5C280773BA3}.Debug-v16|x86.Build.0 = Debug|x86
		{3A338E86-A08A-4F9A-8DB1-A5C280773BA3}.Release|Any CPU.ActiveCfg = Release|Any CPU
		{3A338E86-A08A-4F9A-8DB1-A5C280773BA3}.Release|Any CPU.Build.0 = Release|Any CPU
		{3A338E86-A08A-4F9A-8DB1-A5C280773BA3}.Release|Mixed Platforms.ActiveCfg = Release|x86
		{3A338E86-A08A-4F9A-8DB1-A5C280773BA3}.Release|Mixed Platforms.Build.0 = Release|x86
		{3A338E86-A08A-4F9A-8DB1-A5C280773BA3}.Release|x86.ActiveCfg = Release|x86
		{3A338E86-A08A-4F9A-8DB1-A5C280773BA3}.Release|x86.Build.0 = Release|x86
		{3A338E86-A08A-4F9A-8DB1-A5C280773BA3}.Release-v14|Any CPU.ActiveCfg = Release|Any CPU
		{3A338E86-A08A-4F9A-8DB1-A5C280773BA3}.Release-v14|Any CPU.Build.0 = Release|Any CPU
		{3A338E86-A08A-4F9A-8DB1-A5C280773BA3}.Release-v14|Mixed Platforms.ActiveCfg = Release|x86
		{3A338E86-A08A-4F9A-8DB1-A5C280773BA3}.Release-v14|Mixed Platforms.Build.0 = Release|x86
		{3A338E86-A08A-4F9A-8DB1-A5C280773BA3}.Release-v14|x86.ActiveCfg = Release|x86
		{3A338E86-A08A-4F9A-8DB1-A5C280773BA3}.Release-v14|x86.Build.0 = Release|x86
		{45508B90-440B-46DD-82CC-178196D9794E}.Debug|Any CPU.ActiveCfg = Debug|Any CPU
		{45508B90-440B-46DD-82CC-178196D9794E}.Debug|Any CPU.Build.0 = Debug|Any CPU
		{45508B90-440B-46DD-82CC-178196D9794E}.Debug|Mixed Platforms.ActiveCfg = Debug|Any CPU
		{45508B90-440B-46DD-82CC-178196D9794E}.Debug|Mixed Platforms.Build.0 = Debug|Any CPU
		{45508B90-440B-46DD-82CC-178196D9794E}.Debug|x86.ActiveCfg = Debug|x86
		{45508B90-440B-46DD-82CC-178196D9794E}.Debug|x86.Build.0 = Debug|x86
		{45508B90-440B-46DD-82CC-178196D9794E}.Debug-Linux|Any CPU.ActiveCfg = Debug-v14|Any CPU
		{45508B90-440B-46DD-82CC-178196D9794E}.Debug-Linux|Any CPU.Build.0 = Debug-v14|Any CPU
		{45508B90-440B-46DD-82CC-178196D9794E}.Debug-Linux|Mixed Platforms.ActiveCfg = Debug-v14|Any CPU
		{45508B90-440B-46DD-82CC-178196D9794E}.Debug-Linux|Mixed Platforms.Build.0 = Debug-v14|Any CPU
		{45508B90-440B-46DD-82CC-178196D9794E}.Debug-Linux|x86.ActiveCfg = Debug-v14|Any CPU
		{45508B90-440B-46DD-82CC-178196D9794E}.Debug-v14|Any CPU.ActiveCfg = Debug-v14|Any CPU
		{45508B90-440B-46DD-82CC-178196D9794E}.Debug-v14|Any CPU.Build.0 = Debug-v14|Any CPU
		{45508B90-440B-46DD-82CC-178196D9794E}.Debug-v14|Mixed Platforms.ActiveCfg = Debug-v14|Any CPU
		{45508B90-440B-46DD-82CC-178196D9794E}.Debug-v14|Mixed Platforms.Build.0 = Debug-v14|Any CPU
		{45508B90-440B-46DD-82CC-178196D9794E}.Debug-v14|x86.ActiveCfg = Debug-v14|x86
		{45508B90-440B-46DD-82CC-178196D9794E}.Debug-v14|x86.Build.0 = Debug-v14|x86
		{45508B90-440B-46DD-82CC-178196D9794E}.Debug-v16|Any CPU.ActiveCfg = Debug-v16|Any CPU
		{45508B90-440B-46DD-82CC-178196D9794E}.Debug-v16|Any CPU.Build.0 = Debug-v16|Any CPU
		{45508B90-440B-46DD-82CC-178196D9794E}.Debug-v16|Mixed Platforms.ActiveCfg = Debug-v14|Any CPU
		{45508B90-440B-46DD-82CC-178196D9794E}.Debug-v16|Mixed Platforms.Build.0 = Debug-v14|Any CPU
		{45508B90-440B-46DD-82CC-178196D9794E}.Debug-v16|x86.ActiveCfg = Debug-v16|x86
		{45508B90-440B-46DD-82CC-178196D9794E}.Debug-v16|x86.Build.0 = Debug-v16|x86
		{45508B90-440B-46DD-82CC-178196D9794E}.Release|Any CPU.ActiveCfg = Release|Any CPU
		{45508B90-440B-46DD-82CC-178196D9794E}.Release|Any CPU.Build.0 = Release|Any CPU
		{45508B90-440B-46DD-82CC-178196D9794E}.Release|Mixed Platforms.ActiveCfg = Release|Any CPU
		{45508B90-440B-46DD-82CC-178196D9794E}.Release|Mixed Platforms.Build.0 = Release|Any CPU
		{45508B90-440B-46DD-82CC-178196D9794E}.Release|x86.ActiveCfg = Release|x86
		{45508B90-440B-46DD-82CC-178196D9794E}.Release|x86.Build.0 = Release|x86
		{45508B90-440B-46DD-82CC-178196D9794E}.Release-v14|Any CPU.ActiveCfg = Release-v14|Any CPU
		{45508B90-440B-46DD-82CC-178196D9794E}.Release-v14|Any CPU.Build.0 = Release-v14|Any CPU
		{45508B90-440B-46DD-82CC-178196D9794E}.Release-v14|Mixed Platforms.ActiveCfg = Release-v14|Any CPU
		{45508B90-440B-46DD-82CC-178196D9794E}.Release-v14|Mixed Platforms.Build.0 = Release-v14|Any CPU
		{45508B90-440B-46DD-82CC-178196D9794E}.Release-v14|x86.ActiveCfg = Release-v14|x86
		{45508B90-440B-46DD-82CC-178196D9794E}.Release-v14|x86.Build.0 = Release-v14|x86
		{7B4FB722-905A-4851-8399-1E0F3361CCD8}.Debug|Any CPU.ActiveCfg = Debug|Any CPU
		{7B4FB722-905A-4851-8399-1E0F3361CCD8}.Debug|Any CPU.Build.0 = Debug|Any CPU
		{7B4FB722-905A-4851-8399-1E0F3361CCD8}.Debug|Mixed Platforms.ActiveCfg = Debug|x86
		{7B4FB722-905A-4851-8399-1E0F3361CCD8}.Debug|Mixed Platforms.Build.0 = Debug|x86
		{7B4FB722-905A-4851-8399-1E0F3361CCD8}.Debug|x86.ActiveCfg = Debug|x86
		{7B4FB722-905A-4851-8399-1E0F3361CCD8}.Debug|x86.Build.0 = Debug|x86
		{7B4FB722-905A-4851-8399-1E0F3361CCD8}.Debug-Linux|Any CPU.ActiveCfg = Debug|Any CPU
		{7B4FB722-905A-4851-8399-1E0F3361CCD8}.Debug-Linux|Any CPU.Build.0 = Debug|Any CPU
		{7B4FB722-905A-4851-8399-1E0F3361CCD8}.Debug-Linux|Mixed Platforms.ActiveCfg = Debug|x86
		{7B4FB722-905A-4851-8399-1E0F3361CCD8}.Debug-Linux|Mixed Platforms.Build.0 = Debug|x86
		{7B4FB722-905A-4851-8399-1E0F3361CCD8}.Debug-Linux|x86.ActiveCfg = Debug|x86
		{7B4FB722-905A-4851-8399-1E0F3361CCD8}.Debug-Linux|x86.Build.0 = Debug|x86
		{7B4FB722-905A-4851-8399-1E0F3361CCD8}.Debug-v14|Any CPU.ActiveCfg = Debug|Any CPU
		{7B4FB722-905A-4851-8399-1E0F3361CCD8}.Debug-v14|Any CPU.Build.0 = Debug|Any CPU
		{7B4FB722-905A-4851-8399-1E0F3361CCD8}.Debug-v14|Mixed Platforms.ActiveCfg = Debug|x86
		{7B4FB722-905A-4851-8399-1E0F3361CCD8}.Debug-v14|Mixed Platforms.Build.0 = Debug|x86
		{7B4FB722-905A-4851-8399-1E0F3361CCD8}.Debug-v14|x86.ActiveCfg = Debug|x86
		{7B4FB722-905A-4851-8399-1E0F3361CCD8}.Debug-v14|x86.Build.0 = Debug|x86
		{7B4FB722-905A-4851-8399-1E0F3361CCD8}.Debug-v16|Any CPU.ActiveCfg = Debug|Any CPU
		{7B4FB722-905A-4851-8399-1E0F3361CCD8}.Debug-v16|Any CPU.Build.0 = Debug|Any CPU
		{7B4FB722-905A-4851-8399-1E0F3361CCD8}.Debug-v16|Mixed Platforms.ActiveCfg = Debug|x86
		{7B4FB722-905A-4851-8399-1E0F3361CCD8}.Debug-v16|Mixed Platforms.Build.0 = Debug|x86
		{7B4FB722-905A-4851-8399-1E0F3361CCD8}.Debug-v16|x86.ActiveCfg = Debug|x86
		{7B4FB722-905A-4851-8399-1E0F3361CCD8}.Debug-v16|x86.Build.0 = Debug|x86
		{7B4FB722-905A-4851-8399-1E0F3361CCD8}.Release|Any CPU.ActiveCfg = Release|Any CPU
		{7B4FB722-905A-4851-8399-1E0F3361CCD8}.Release|Any CPU.Build.0 = Release|Any CPU
		{7B4FB722-905A-4851-8399-1E0F3361CCD8}.Release|Mixed Platforms.ActiveCfg = Release|x86
		{7B4FB722-905A-4851-8399-1E0F3361CCD8}.Release|Mixed Platforms.Build.0 = Release|x86
		{7B4FB722-905A-4851-8399-1E0F3361CCD8}.Release|x86.ActiveCfg = Release|x86
		{7B4FB722-905A-4851-8399-1E0F3361CCD8}.Release|x86.Build.0 = Release|x86
		{7B4FB722-905A-4851-8399-1E0F3361CCD8}.Release-v14|Any CPU.ActiveCfg = Release|Any CPU
		{7B4FB722-905A-4851-8399-1E0F3361CCD8}.Release-v14|Any CPU.Build.0 = Release|Any CPU
		{7B4FB722-905A-4851-8399-1E0F3361CCD8}.Release-v14|Mixed Platforms.ActiveCfg = Release|x86
		{7B4FB722-905A-4851-8399-1E0F3361CCD8}.Release-v14|Mixed Platforms.Build.0 = Release|x86
		{7B4FB722-905A-4851-8399-1E0F3361CCD8}.Release-v14|x86.ActiveCfg = Release|x86
		{7B4FB722-905A-4851-8399-1E0F3361CCD8}.Release-v14|x86.Build.0 = Release|x86
		{0290A229-9AA1-41C3-B525-CAFB86D8BC42}.Debug|Any CPU.ActiveCfg = Debug|Any CPU
		{0290A229-9AA1-41C3-B525-CAFB86D8BC42}.Debug|Any CPU.Build.0 = Debug|Any CPU
		{0290A229-9AA1-41C3-B525-CAFB86D8BC42}.Debug|Mixed Platforms.ActiveCfg = Debug|x86
		{0290A229-9AA1-41C3-B525-CAFB86D8BC42}.Debug|Mixed Platforms.Build.0 = Debug|x86
		{0290A229-9AA1-41C3-B525-CAFB86D8BC42}.Debug|x86.ActiveCfg = Debug|x86
		{0290A229-9AA1-41C3-B525-CAFB86D8BC42}.Debug|x86.Build.0 = Debug|x86
		{0290A229-9AA1-41C3-B525-CAFB86D8BC42}.Debug-Linux|Any CPU.ActiveCfg = Debug|Any CPU
		{0290A229-9AA1-41C3-B525-CAFB86D8BC42}.Debug-Linux|Any CPU.Build.0 = Debug|Any CPU
		{0290A229-9AA1-41C3-B525-CAFB86D8BC42}.Debug-Linux|Mixed Platforms.ActiveCfg = Debug|x86
		{0290A229-9AA1-41C3-B525-CAFB86D8BC42}.Debug-Linux|Mixed Platforms.Build.0 = Debug|x86
		{0290A229-9AA1-41C3-B525-CAFB86D8BC42}.Debug-Linux|x86.ActiveCfg = Debug|x86
		{0290A229-9AA1-41C3-B525-CAFB86D8BC42}.Debug-Linux|x86.Build.0 = Debug|x86
		{0290A229-9AA1-41C3-B525-CAFB86D8BC42}.Debug-v14|Any CPU.ActiveCfg = Debug|Any CPU
		{0290A229-9AA1-41C3-B525-CAFB86D8BC42}.Debug-v14|Any CPU.Build.0 = Debug|Any CPU
		{0290A229-9AA1-41C3-B525-CAFB86D8BC42}.Debug-v14|Mixed Platforms.ActiveCfg = Debug|x86
		{0290A229-9AA1-41C3-B525-CAFB86D8BC42}.Debug-v14|Mixed Platforms.Build.0 = Debug|x86
		{0290A229-9AA1-41C3-B525-CAFB86D8BC42}.Debug-v14|x86.ActiveCfg = Debug|x86
		{0290A229-9AA1-41C3-B525-CAFB86D8BC42}.Debug-v14|x86.Build.0 = Debug|x86
		{0290A229-9AA1-41C3-B525-CAFB86D8BC42}.Debug-v16|Any CPU.ActiveCfg = Debug|Any CPU
		{0290A229-9AA1-41C3-B525-CAFB86D8BC42}.Debug-v16|Any CPU.Build.0 = Debug|Any CPU
		{0290A229-9AA1-41C3-B525-CAFB86D8BC42}.Debug-v16|Mixed Platforms.ActiveCfg = Debug|x86
		{0290A229-9AA1-41C3-B525-CAFB86D8BC42}.Debug-v16|Mixed Platforms.Build.0 = Debug|x86
		{0290A229-9AA1-41C3-B525-CAFB86D8BC42}.Debug-v16|x86.ActiveCfg = Debug|x86
		{0290A229-9AA1-41C3-B525-CAFB86D8BC42}.Debug-v16|x86.Build.0 = Debug|x86
		{0290A229-9AA1-41C3-B525-CAFB86D8BC42}.Release|Any CPU.ActiveCfg = Release|Any CPU
		{0290A229-9AA1-41C3-B525-CAFB86D8BC42}.Release|Any CPU.Build.0 = Release|Any CPU
		{0290A229-9AA1-41C3-B525-CAFB86D8BC42}.Release|Mixed Platforms.ActiveCfg = Release|x86
		{0290A229-9AA1-41C3-B525-CAFB86D8BC42}.Release|Mixed Platforms.Build.0 = Release|x86
		{0290A229-9AA1-41C3-B525-CAFB86D8BC42}.Release|x86.ActiveCfg = Release|x86
		{0290A229-9AA1-41C3-B525-CAFB86D8BC42}.Release|x86.Build.0 = Release|x86
		{0290A229-9AA1-41C3-B525-CAFB86D8BC42}.Release-v14|Any CPU.ActiveCfg = Release|Any CPU
		{0290A229-9AA1-41C3-B525-CAFB86D8BC42}.Release-v14|Any CPU.Build.0 = Release|Any CPU
		{0290A229-9AA1-41C3-B525-CAFB86D8BC42}.Release-v14|Mixed Platforms.ActiveCfg = Release|x86
		{0290A229-9AA1-41C3-B525-CAFB86D8BC42}.Release-v14|Mixed Platforms.Build.0 = Release|x86
		{0290A229-9AA1-41C3-B525-CAFB86D8BC42}.Release-v14|x86.ActiveCfg = Release|x86
		{0290A229-9AA1-41C3-B525-CAFB86D8BC42}.Release-v14|x86.Build.0 = Release|x86
		{32171DBC-DB3B-401A-B3F7-06356D6167EE}.Debug|Any CPU.ActiveCfg = Debug|Any CPU
		{32171DBC-DB3B-401A-B3F7-06356D6167EE}.Debug|Any CPU.Build.0 = Debug|Any CPU
		{32171DBC-DB3B-401A-B3F7-06356D6167EE}.Debug|Mixed Platforms.ActiveCfg = Debug|Any CPU
		{32171DBC-DB3B-401A-B3F7-06356D6167EE}.Debug|Mixed Platforms.Build.0 = Debug|Any CPU
		{32171DBC-DB3B-401A-B3F7-06356D6167EE}.Debug|x86.ActiveCfg = Debug|Any CPU
		{32171DBC-DB3B-401A-B3F7-06356D6167EE}.Debug|x86.Build.0 = Debug|Any CPU
		{32171DBC-DB3B-401A-B3F7-06356D6167EE}.Debug-Linux|Any CPU.ActiveCfg = Debug|Any CPU
		{32171DBC-DB3B-401A-B3F7-06356D6167EE}.Debug-Linux|Any CPU.Build.0 = Debug|Any CPU
		{32171DBC-DB3B-401A-B3F7-06356D6167EE}.Debug-Linux|Mixed Platforms.ActiveCfg = Debug|Any CPU
		{32171DBC-DB3B-401A-B3F7-06356D6167EE}.Debug-Linux|Mixed Platforms.Build.0 = Debug|Any CPU
		{32171DBC-DB3B-401A-B3F7-06356D6167EE}.Debug-Linux|x86.ActiveCfg = Debug|Any CPU
		{32171DBC-DB3B-401A-B3F7-06356D6167EE}.Debug-Linux|x86.Build.0 = Debug|Any CPU
		{32171DBC-DB3B-401A-B3F7-06356D6167EE}.Debug-v14|Any CPU.ActiveCfg = Debug|Any CPU
		{32171DBC-DB3B-401A-B3F7-06356D6167EE}.Debug-v14|Any CPU.Build.0 = Debug|Any CPU
		{32171DBC-DB3B-401A-B3F7-06356D6167EE}.Debug-v14|Mixed Platforms.ActiveCfg = Debug|Any CPU
		{32171DBC-DB3B-401A-B3F7-06356D6167EE}.Debug-v14|Mixed Platforms.Build.0 = Debug|Any CPU
		{32171DBC-DB3B-401A-B3F7-06356D6167EE}.Debug-v14|x86.ActiveCfg = Debug|Any CPU
		{32171DBC-DB3B-401A-B3F7-06356D6167EE}.Debug-v14|x86.Build.0 = Debug|Any CPU
		{32171DBC-DB3B-401A-B3F7-06356D6167EE}.Debug-v16|Any CPU.ActiveCfg = Debug|Any CPU
		{32171DBC-DB3B-401A-B3F7-06356D6167EE}.Debug-v16|Any CPU.Build.0 = Debug|Any CPU
		{32171DBC-DB3B-401A-B3F7-06356D6167EE}.Debug-v16|Mixed Platforms.ActiveCfg = Debug|Any CPU
		{32171DBC-DB3B-401A-B3F7-06356D6167EE}.Debug-v16|Mixed Platforms.Build.0 = Debug|Any CPU
		{32171DBC-DB3B-401A-B3F7-06356D6167EE}.Debug-v16|x86.ActiveCfg = Debug|Any CPU
		{32171DBC-DB3B-401A-B3F7-06356D6167EE}.Debug-v16|x86.Build.0 = Debug|Any CPU
		{32171DBC-DB3B-401A-B3F7-06356D6167EE}.Release|Any CPU.ActiveCfg = Release|Any CPU
		{32171DBC-DB3B-401A-B3F7-06356D6167EE}.Release|Any CPU.Build.0 = Release|Any CPU
		{32171DBC-DB3B-401A-B3F7-06356D6167EE}.Release|Mixed Platforms.ActiveCfg = Release|Any CPU
		{32171DBC-DB3B-401A-B3F7-06356D6167EE}.Release|Mixed Platforms.Build.0 = Release|Any CPU
		{32171DBC-DB3B-401A-B3F7-06356D6167EE}.Release|x86.ActiveCfg = Release|Any CPU
		{32171DBC-DB3B-401A-B3F7-06356D6167EE}.Release|x86.Build.0 = Release|Any CPU
		{32171DBC-DB3B-401A-B3F7-06356D6167EE}.Release-v14|Any CPU.ActiveCfg = Release|Any CPU
		{32171DBC-DB3B-401A-B3F7-06356D6167EE}.Release-v14|Any CPU.Build.0 = Release|Any CPU
		{32171DBC-DB3B-401A-B3F7-06356D6167EE}.Release-v14|Mixed Platforms.ActiveCfg = Release|Any CPU
		{32171DBC-DB3B-401A-B3F7-06356D6167EE}.Release-v14|Mixed Platforms.Build.0 = Release|Any CPU
		{32171DBC-DB3B-401A-B3F7-06356D6167EE}.Release-v14|x86.ActiveCfg = Release|Any CPU
		{32171DBC-DB3B-401A-B3F7-06356D6167EE}.Release-v14|x86.Build.0 = Release|Any CPU
		{64534E86-A08A-4F9A-8DB1-A5C280773BA3}.Debug|Any CPU.ActiveCfg = Debug|Any CPU
		{64534E86-A08A-4F9A-8DB1-A5C280773BA3}.Debug|Any CPU.Build.0 = Debug|Any CPU
		{64534E86-A08A-4F9A-8DB1-A5C280773BA3}.Debug|Mixed Platforms.ActiveCfg = Debug|x86
		{64534E86-A08A-4F9A-8DB1-A5C280773BA3}.Debug|Mixed Platforms.Build.0 = Debug|x86
		{64534E86-A08A-4F9A-8DB1-A5C280773BA3}.Debug|x86.ActiveCfg = Debug|x86
		{64534E86-A08A-4F9A-8DB1-A5C280773BA3}.Debug|x86.Build.0 = Debug|x86
		{64534E86-A08A-4F9A-8DB1-A5C280773BA3}.Debug-Linux|Any CPU.ActiveCfg = Debug|Any CPU
		{64534E86-A08A-4F9A-8DB1-A5C280773BA3}.Debug-Linux|Any CPU.Build.0 = Debug|Any CPU
		{64534E86-A08A-4F9A-8DB1-A5C280773BA3}.Debug-Linux|Mixed Platforms.ActiveCfg = Debug|x86
		{64534E86-A08A-4F9A-8DB1-A5C280773BA3}.Debug-Linux|Mixed Platforms.Build.0 = Debug|x86
		{64534E86-A08A-4F9A-8DB1-A5C280773BA3}.Debug-Linux|x86.ActiveCfg = Debug|x86
		{64534E86-A08A-4F9A-8DB1-A5C280773BA3}.Debug-Linux|x86.Build.0 = Debug|x86
		{64534E86-A08A-4F9A-8DB1-A5C280773BA3}.Debug-v14|Any CPU.ActiveCfg = Debug|Any CPU
		{64534E86-A08A-4F9A-8DB1-A5C280773BA3}.Debug-v14|Any CPU.Build.0 = Debug|Any CPU
		{64534E86-A08A-4F9A-8DB1-A5C280773BA3}.Debug-v14|Mixed Platforms.ActiveCfg = Debug|x86
		{64534E86-A08A-4F9A-8DB1-A5C280773BA3}.Debug-v14|Mixed Platforms.Build.0 = Debug|x86
		{64534E86-A08A-4F9A-8DB1-A5C280773BA3}.Debug-v14|x86.ActiveCfg = Debug|x86
		{64534E86-A08A-4F9A-8DB1-A5C280773BA3}.Debug-v14|x86.Build.0 = Debug|x86
		{64534E86-A08A-4F9A-8DB1-A5C280773BA3}.Debug-v16|Any CPU.ActiveCfg = Debug|Any CPU
		{64534E86-A08A-4F9A-8DB1-A5C280773BA3}.Debug-v16|Any CPU.Build.0 = Debug|Any CPU
		{64534E86-A08A-4F9A-8DB1-A5C280773BA3}.Debug-v16|Mixed Platforms.ActiveCfg = Debug|x86
		{64534E86-A08A-4F9A-8DB1-A5C280773BA3}.Debug-v16|Mixed Platforms.Build.0 = Debug|x86
		{64534E86-A08A-4F9A-8DB1-A5C280773BA3}.Debug-v16|x86.ActiveCfg = Debug|x86
		{64534E86-A08A-4F9A-8DB1-A5C280773BA3}.Debug-v16|x86.Build.0 = Debug|x86
		{64534E86-A08A-4F9A-8DB1-A5C280773BA3}.Release|Any CPU.ActiveCfg = Release|Any CPU
		{64534E86-A08A-4F9A-8DB1-A5C280773BA3}.Release|Any CPU.Build.0 = Release|Any CPU
		{64534E86-A08A-4F9A-8DB1-A5C280773BA3}.Release|Mixed Platforms.ActiveCfg = Release|x86
		{64534E86-A08A-4F9A-8DB1-A5C280773BA3}.Release|Mixed Platforms.Build.0 = Release|x86
		{64534E86-A08A-4F9A-8DB1-A5C280773BA3}.Release|x86.ActiveCfg = Release|x86
		{64534E86-A08A-4F9A-8DB1-A5C280773BA3}.Release|x86.Build.0 = Release|x86
		{64534E86-A08A-4F9A-8DB1-A5C280773BA3}.Release-v14|Any CPU.ActiveCfg = Release|Any CPU
		{64534E86-A08A-4F9A-8DB1-A5C280773BA3}.Release-v14|Any CPU.Build.0 = Release|Any CPU
		{64534E86-A08A-4F9A-8DB1-A5C280773BA3}.Release-v14|Mixed Platforms.ActiveCfg = Release|x86
		{64534E86-A08A-4F9A-8DB1-A5C280773BA3}.Release-v14|Mixed Platforms.Build.0 = Release|x86
		{64534E86-A08A-4F9A-8DB1-A5C280773BA3}.Release-v14|x86.ActiveCfg = Release|x86
		{64534E86-A08A-4F9A-8DB1-A5C280773BA3}.Release-v14|x86.Build.0 = Release|x86
	EndGlobalSection
	GlobalSection(SolutionProperties) = preSolution
		HideSolutionNode = FALSE
	EndGlobalSection
	GlobalSection(ExtensibilityGlobals) = postSolution
		SolutionGuid = {D174EDB9-40A2-454C-8997-4BDB7FB1C00C}
	EndGlobalSection
EndGlobal
