
Microsoft Visual Studio Solution File, Format Version 12.00
# Visual Studio Version 17
VisualStudioVersion = 17.13.35507.96
MinimumVisualStudioVersion = 10.0.40219.1
Project("{2150E333-8FDC-42A3-9474-1A3956D46DE8}") = "Solution Items", "Solution Items", "{2BD51E62-6604-48AE-9E01-C940C0CA1C68}"
	ProjectSection(SolutionItems) = preProject
		appveyor.yml = appveyor.yml
		CHANGES = CHANGES
		LICENSE.txt = LICENSE.txt
		Makefile = Makefile
		README.md = README.md
		TODO = TODO
		VERSION = VERSION
	EndProjectSection
EndProject
Project("{002A2DE9-8BB6-484D-9802-7E4AD4084715}") = "VisualD", "visuald\visuald.visualdproj", "{7610F45A-69D9-4B68-BE63-0E055B51D447}"
	ProjectSection(ProjectDependencies) = postProject
		{CD26A145-F663-473D-8908-0254FE377D48} = {CD26A145-F663-473D-8908-0254FE377D48}
		{32872753-4812-40DA-9B24-1C2114621E78} = {32872753-4812-40DA-9B24-1C2114621E78}
		{E2073B79-635A-48FA-A5A3-6E760D3A5DD8} = {E2073B79-635A-48FA-A5A3-6E760D3A5DD8}
		{8EC6179A-7BBA-4555-B384-3B19D3BB7028} = {8EC6179A-7BBA-4555-B384-3B19D3BB7028}
		{2070DF9A-6D80-4E3C-950A-C1BBA1B20F4D} = {2070DF9A-6D80-4E3C-950A-C1BBA1B20F4D}
	EndProjectSection
EndProject
Project("{002A2DE9-8BB6-484D-9802-7E4AD4084715}") = "vsi", "sdk\vsi.visualdproj", "{32872753-4812-40DA-9B24-1C2114621E78}"
	ProjectSection(ProjectDependencies) = postProject
		{CD26A145-F663-473D-8908-0254FE377D48} = {CD26A145-F663-473D-8908-0254FE377D48}
	EndProjectSection
EndProject
Project("{002A2DE9-8BB6-484D-9802-7E4AD4084715}") = "vsi2d", "c2d\vsi2d.visualdproj", "{8760F45A-69D9-4B68-BE63-0E055B51D447}"
	ProjectSection(ProjectDependencies) = postProject
		{E2073B79-635A-48FA-A5A3-6E760D3A5DD8} = {E2073B79-635A-48FA-A5A3-6E760D3A5DD8}
	EndProjectSection
EndProject
Project("{002A2DE9-8BB6-484D-9802-7E4AD4084715}") = "parser", "vdc\parser.visualdproj", "{FE3A959D-6CFA-43BF-8637-62125B571770}"
EndProject
Project("{002A2DE9-8BB6-484D-9802-7E4AD4084715}") = "stdext", "stdext\stdext.visualdproj", "{2070DF9A-6D80-4E3C-950A-C1BBA1B20F4D}"
	ProjectSection(ProjectDependencies) = postProject
		{CD26A145-F663-473D-8908-0254FE377D48} = {CD26A145-F663-473D-8908-0254FE377D48}
	EndProjectSection
EndProject
Project("{002A2DE9-8BB6-484D-9802-7E4AD4084715}") = "c2d", "c2d\c2d.visualdproj", "{E2073B79-635A-48FA-A5A3-6E760D3A5DD8}"
EndProject
Project("{002A2DE9-8BB6-484D-9802-7E4AD4084715}") = "cpp2d", "c2d\cpp2d.visualdproj", "{E2073B79-635A-48FA-A5A3-6E500D3A5DD8}"
	ProjectSection(ProjectDependencies) = postProject
		{32872753-4812-40DA-9B24-1C2114621E78} = {32872753-4812-40DA-9B24-1C2114621E78}
		{E2073B79-635A-48FA-A5A3-6E760D3A5DD8} = {E2073B79-635A-48FA-A5A3-6E760D3A5DD8}
		{2070DF9A-6D80-4E3C-950A-C1BBA1B20F4D} = {2070DF9A-6D80-4E3C-950A-C1BBA1B20F4D}
	EndProjectSection
EndProject
Project("{002A2DE9-8BB6-484D-9802-7E4AD4084715}") = "vdserver", "vdc\vdserver.visualdproj", "{2F75431E-B8DB-4231-AAC1-EA68D06A22E6}"
	ProjectSection(ProjectDependencies) = postProject
		{32872753-4812-40DA-9B24-1C2114621E78} = {32872753-4812-40DA-9B24-1C2114621E78}
		{2070DF9A-6D80-4E3C-950A-C1BBA1B20F4D} = {2070DF9A-6D80-4E3C-950A-C1BBA1B20F4D}
		{FE3A959D-6CFA-43BF-8637-62125B571770} = {FE3A959D-6CFA-43BF-8637-62125B571770}
	EndProjectSection
EndProject
Project("{2150E333-8FDC-42A3-9474-1A3956D46DE8}") = "visuald", "visuald", "{832B817E-DCF9-46DC-8440-6418B93E62B6}"
	ProjectSection(SolutionItems) = preProject
		visuald\Makefile = visuald\Makefile
	EndProjectSection
EndProject
Project("{2150E333-8FDC-42A3-9474-1A3956D46DE8}") = "nsis", "nsis", "{342DCC0D-9F76-4AFE-B2BF-4FEFEB438D17}"
	ProjectSection(SolutionItems) = preProject
		nsis\basedir.ini = nsis\basedir.ini
		nsis\dmdinstall.ini = nsis\dmdinstall.ini
		nsis\replaceinfile.nsh = nsis\replaceinfile.nsh
		nsis\uninstall_helper.nsh = nsis\uninstall_helper.nsh
		nsis\visuald.nsi = nsis\visuald.nsi
	EndProjectSection
EndProject
Project("{002A2DE9-8BB6-484D-9802-7E4AD4084715}") = "build", "build\build.visualdproj", "{CD26A145-F663-473D-8908-0254FE377D48}"
	ProjectSection(ProjectDependencies) = postProject
		{8760F45A-69D9-4B68-BE63-0E055B51D447} = {8760F45A-69D9-4B68-BE63-0E055B51D447}
	EndProjectSection
EndProject
Project("{2150E333-8FDC-42A3-9474-1A3956D46DE8}") = "doc", "doc", "{36148913-8F44-4286-865F-7B140456DA36}"
	ProjectSection(SolutionItems) = preProject
		doc\BrowseInfo.dd = doc\BrowseInfo.dd
		doc\BuildFromSource.dd = doc\BuildFromSource.dd
		doc\build_doc.bat = doc\build_doc.bat
		doc\CompileCommands.dd = doc\CompileCommands.dd
		doc\Coverage.dd = doc\Coverage.dd
		doc\CppConversion.dd = doc\CppConversion.dd
		doc\Debugging.dd = doc\Debugging.dd
		doc\dlang.org.ddoc = doc\dlang.org.ddoc
		doc\DustMite.dd = doc\DustMite.dd
		doc\Editor.dd = doc\Editor.dd
		doc\Features.dd = doc\Features.dd
		doc\GlobalOptions.dd = doc\GlobalOptions.dd
		doc\html.ddoc = doc\html.ddoc
		doc\Installation.dd = doc\Installation.dd
		doc\KnownIssues.dd = doc\KnownIssues.dd
		doc\macros.ddoc = doc\macros.ddoc
		doc\news36.dd = doc\news36.dd
		doc\Profiling.dd = doc\Profiling.dd
		doc\ProjectConfig.dd = doc\ProjectConfig.dd
		doc\ProjectWizard.dd = doc\ProjectWizard.dd
		doc\ReportingBugs.dd = doc\ReportingBugs.dd
		doc\Search.dd = doc\Search.dd
		doc\StartPage.dd = doc\StartPage.dd
		doc\TokenReplace.dd = doc\TokenReplace.dd
		doc\vcxproject.dd = doc\vcxproject.dd
		doc\VersionHistory.dd = doc\VersionHistory.dd
		doc\visuald.ddoc = doc\visuald.ddoc
	EndProjectSection
EndProject
Project("{2150E333-8FDC-42A3-9474-1A3956D46DE8}") = "msbuild", "msbuild", "{38FEE953-9826-4DDB-8BE3-6DAB8E71AC66}"
	ProjectSection(SolutionItems) = preProject
		msbuild\dbuild.props = msbuild\dbuild.props
		msbuild\dcompile.props = msbuild\dcompile.props
		msbuild\dcompile.targets = msbuild\dcompile.targets
		msbuild\dcompile_defaults.props = msbuild\dcompile_defaults.props
		msbuild\dmd.xml = msbuild\dmd.xml
		msbuild\general_d.snippet = msbuild\general_d.snippet
		msbuild\ldc.xml = msbuild\ldc.xml
	EndProjectSection
EndProject
Project("{2150E333-8FDC-42A3-9474-1A3956D46DE8}") = "ImportAfter", "ImportAfter", "{B7673E1D-73AC-458B-BC59-0EBDBFCBF7AA}"
	ProjectSection(SolutionItems) = preProject
		msbuild\ImportAfter\general_d.targets = msbuild\ImportAfter\general_d.targets
	EndProjectSection
EndProject
Project("{2150E333-8FDC-42A3-9474-1A3956D46DE8}") = "ImportBefore", "ImportBefore", "{6C5387E8-CF11-443A-88BD-CA6DCA80E755}"
	ProjectSection(SolutionItems) = preProject
		msbuild\ImportBefore\d.props = msbuild\ImportBefore\d.props
	EndProjectSection
EndProject
Project("{2150E333-8FDC-42A3-9474-1A3956D46DE8}") = "Default", "Default", "{AB498803-493D-4FB4-9FB1-9CEF0E628CE9}"
	ProjectSection(SolutionItems) = preProject
		msbuild\ImportBefore\Default\d.props = msbuild\ImportBefore\Default\d.props
	EndProjectSection
EndProject
Project("{2150E333-8FDC-42A3-9474-1A3956D46DE8}") = "Extensions", "Extensions", "{7F391DE3-9620-4A98-B05D-4181924A9D15}"
	ProjectSection(SolutionItems) = preProject
		nsis\Extensions\extension.vsixmanifest = nsis\Extensions\extension.vsixmanifest
		nsis\Extensions\vdlogo.ico = nsis\Extensions\vdlogo.ico
		nsis\Extensions\visuald.pkgdef = nsis\Extensions\visuald.pkgdef
	EndProjectSection
EndProject
Project("{002A2DE9-8BB6-484D-9802-7E4AD4084715}") = "dmdserver", "vdc\dmdserver\dmdserver.visualdproj", "{34289BD7-AB7E-4264-B146-8139DDE9F0BF}"
	ProjectSection(ProjectDependencies) = postProject
		{32872753-4812-40DA-9B24-1C2114621E78} = {32872753-4812-40DA-9B24-1C2114621E78}
		{2070DF9A-6D80-4E3C-950A-C1BBA1B20F4D} = {2070DF9A-6D80-4E3C-950A-C1BBA1B20F4D}
	EndProjectSection
EndProject
Project("{2150E333-8FDC-42A3-9474-1A3956D46DE8}") = "Templates", "Templates", "{AC054091-8D8F-4393-B3C5-AB67980B80EE}"
EndProject
Project("{2150E333-8FDC-42A3-9474-1A3956D46DE8}") = "Projects_vs9", "Projects_vs9", "{068889F6-165E-494B-95D6-9C4695EE9D45}"
	ProjectSection(SolutionItems) = preProject
		visuald\Templates\Projects_vs9\VDTemplates.vsdir = visuald\Templates\Projects_vs9\VDTemplates.vsdir
		visuald\Templates\Projects_vs9\VDTemplates.VSTDIR = visuald\Templates\Projects_vs9\VDTemplates.VSTDIR
	EndProjectSection
EndProject
Project("{2150E333-8FDC-42A3-9474-1A3956D46DE8}") = "DUB", "DUB", "{600531C5-7627-446A-8D27-89E3035EDCB8}"
	ProjectSection(SolutionItems) = preProject
		visuald\Templates\Projects\DUB\DUBTemplates.vsdir = visuald\Templates\Projects\DUB\DUBTemplates.vsdir
		visuald\Templates\Projects\DUB\DUBTemplates.VSTDIR = visuald\Templates\Projects\DUB\DUBTemplates.VSTDIR
	EndProjectSection
EndProject
Project("{2150E333-8FDC-42A3-9474-1A3956D46DE8}") = "vibe", "vibe", "{9C02AC6A-14BD-4CCD-BA76-359E5C453992}"
	ProjectSection(SolutionItems) = preProject
		visuald\Templates\ProjectItems\DUB\vibe\app.d = visuald\Templates\ProjectItems\DUB\vibe\app.d
		visuald\Templates\ProjectItems\DUB\vibe\dub.json = visuald\Templates\ProjectItems\DUB\vibe\dub.json
		visuald\Templates\ProjectItems\DUB\vibe\dub_vibe_d.vstemplate = visuald\Templates\ProjectItems\DUB\vibe\dub_vibe_d.vstemplate
		visuald\Templates\ProjectItems\DUB\vibe\ServerApp.visualdproj = visuald\Templates\ProjectItems\DUB\vibe\ServerApp.visualdproj
	EndProjectSection
EndProject
Project("{2150E333-8FDC-42A3-9474-1A3956D46DE8}") = "vibe", "vibe", "{4DD1B584-C5F5-4F56-80C1-F787B781BC47}"
	ProjectSection(SolutionItems) = preProject
		visuald\Templates\ProjectItems_vs9\DUB\vibe\app.d = visuald\Templates\ProjectItems_vs9\DUB\vibe\app.d
		visuald\Templates\ProjectItems_vs9\DUB\vibe\dub.json = visuald\Templates\ProjectItems_vs9\DUB\vibe\dub.json
		visuald\Templates\ProjectItems_vs9\DUB\vibe\dub_vibe_d.vstemplate = visuald\Templates\ProjectItems_vs9\DUB\vibe\dub_vibe_d.vstemplate
		visuald\Templates\ProjectItems_vs9\DUB\vibe\ServerApp.visualdproj = visuald\Templates\ProjectItems_vs9\DUB\vibe\ServerApp.visualdproj
	EndProjectSection
EndProject
Project("{2150E333-8FDC-42A3-9474-1A3956D46DE8}") = "minimal", "minimal", "{E6961BD5-09B1-4148-A99D-8239CD28AF3D}"
	ProjectSection(SolutionItems) = preProject
		visuald\Templates\ProjectItems\DUB\minimal\app.d = visuald\Templates\ProjectItems\DUB\minimal\app.d
		visuald\Templates\ProjectItems\DUB\minimal\ConsoleApp.visualdproj = visuald\Templates\ProjectItems\DUB\minimal\ConsoleApp.visualdproj
		visuald\Templates\ProjectItems\DUB\minimal\dub.sdl = visuald\Templates\ProjectItems\DUB\minimal\dub.sdl
		visuald\Templates\ProjectItems\DUB\minimal\minimal.vstemplate = visuald\Templates\ProjectItems\DUB\minimal\minimal.vstemplate
	EndProjectSection
EndProject
Project("{2150E333-8FDC-42A3-9474-1A3956D46DE8}") = "ConsoleApp", "ConsoleApp", "{931771D1-7CA4-42C7-8BB0-5742B914FF27}"
	ProjectSection(SolutionItems) = preProject
		visuald\Templates\ProjectItems_vs9\ConsoleApp\ConsoleApp.visualdproj = visuald\Templates\ProjectItems_vs9\ConsoleApp\ConsoleApp.visualdproj
		visuald\Templates\ProjectItems_vs9\ConsoleApp\ConsoleApp.vstemplate = visuald\Templates\ProjectItems_vs9\ConsoleApp\ConsoleApp.vstemplate
		visuald\Templates\ProjectItems_vs9\ConsoleApp\main.d = visuald\Templates\ProjectItems_vs9\ConsoleApp\main.d
	EndProjectSection
EndProject
Project("{2150E333-8FDC-42A3-9474-1A3956D46DE8}") = "ConsoleDMDGDC", "ConsoleDMDGDC", "{44DD3FFB-474A-4291-A854-B880166DE1E8}"
	ProjectSection(SolutionItems) = preProject
		visuald\Templates\ProjectItems_vs9\ConsoleDMDGDC\ConsoleApp.visualdproj = visuald\Templates\ProjectItems_vs9\ConsoleDMDGDC\ConsoleApp.visualdproj
		visuald\Templates\ProjectItems_vs9\ConsoleDMDGDC\ConsoleApp.vstemplate = visuald\Templates\ProjectItems_vs9\ConsoleDMDGDC\ConsoleApp.vstemplate
		visuald\Templates\ProjectItems_vs9\ConsoleDMDGDC\main.d = visuald\Templates\ProjectItems_vs9\ConsoleDMDGDC\main.d
	EndProjectSection
EndProject
Project("{2150E333-8FDC-42A3-9474-1A3956D46DE8}") = "ConsoleDLG", "ConsoleDLG", "{3624E57E-5E42-499F-A5F4-A709A1F39679}"
	ProjectSection(SolutionItems) = preProject
		visuald\Templates\ProjectItems_vs9\ConsoleDLG\ConsoleApp.visualdproj = visuald\Templates\ProjectItems_vs9\ConsoleDLG\ConsoleApp.visualdproj
		visuald\Templates\ProjectItems_vs9\ConsoleDLG\ConsoleApp.vstemplate = visuald\Templates\ProjectItems_vs9\ConsoleDLG\ConsoleApp.vstemplate
		visuald\Templates\ProjectItems_vs9\ConsoleDLG\main.d = visuald\Templates\ProjectItems_vs9\ConsoleDLG\main.d
	EndProjectSection
EndProject
Project("{2150E333-8FDC-42A3-9474-1A3956D46DE8}") = "VCProject", "VCProject", "{B21F226C-EED0-4FE1-ACD7-4C8ADE029690}"
	ProjectSection(SolutionItems) = preProject
		visuald\Templates\ProjectItems\VCProject\main.cpp = visuald\Templates\ProjectItems\VCProject\main.cpp
		visuald\Templates\ProjectItems\VCProject\main.d = visuald\Templates\ProjectItems\VCProject\main.d
		visuald\Templates\ProjectItems\VCProject\stdafx.cpp = visuald\Templates\ProjectItems\VCProject\stdafx.cpp
		visuald\Templates\ProjectItems\VCProject\stdafx.h = visuald\Templates\ProjectItems\VCProject\stdafx.h
		visuald\Templates\ProjectItems\VCProject\VCProject.vstemplate = visuald\Templates\ProjectItems\VCProject\VCProject.vstemplate
		visuald\Templates\ProjectItems\VCProject\WindowsApp.vcxproj = visuald\Templates\ProjectItems\VCProject\WindowsApp.vcxproj
		visuald\Templates\ProjectItems\VCProject\WindowsApp.vcxproj.filters = visuald\Templates\ProjectItems\VCProject\WindowsApp.vcxproj.filters
	EndProjectSection
EndProject
Project("{2150E333-8FDC-42A3-9474-1A3956D46DE8}") = "Wizards", "Wizards", "{244B9B41-B45F-4617-847C-06AF16B81587}"
	ProjectSection(SolutionItems) = preProject
		visuald\Templates\Wizards\package.vsz = visuald\Templates\Wizards\package.vsz
	EndProjectSection
EndProject
Project("{2150E333-8FDC-42A3-9474-1A3956D46DE8}") = "DUB", "DUB", "{9D445645-F988-4712-B7DA-EE20993217CF}"
EndProject
Project("{2150E333-8FDC-42A3-9474-1A3956D46DE8}") = "DynamicLib", "DynamicLib", "{B12B215A-1E8C-49A7-8506-638D5F77B8CD}"
	ProjectSection(SolutionItems) = preProject
		visuald\Templates\ProjectItems_vs9\DynamicLib\dll.def = visuald\Templates\ProjectItems_vs9\DynamicLib\dll.def
		visuald\Templates\ProjectItems_vs9\DynamicLib\dllmain.d = visuald\Templates\ProjectItems_vs9\DynamicLib\dllmain.d
		visuald\Templates\ProjectItems_vs9\DynamicLib\DynamicLib.visualdproj = visuald\Templates\ProjectItems_vs9\DynamicLib\DynamicLib.visualdproj
		visuald\Templates\ProjectItems_vs9\DynamicLib\DynamicLib.vstemplate = visuald\Templates\ProjectItems_vs9\DynamicLib\DynamicLib.vstemplate
	EndProjectSection
EndProject
Project("{2150E333-8FDC-42A3-9474-1A3956D46DE8}") = "StaticLib", "StaticLib", "{79B19844-890F-4723-ACFD-398E20EC888A}"
	ProjectSection(SolutionItems) = preProject
		visuald\Templates\ProjectItems_vs9\StaticLib\lib.d = visuald\Templates\ProjectItems_vs9\StaticLib\lib.d
		visuald\Templates\ProjectItems_vs9\StaticLib\StaticLib.visualdproj = visuald\Templates\ProjectItems_vs9\StaticLib\StaticLib.visualdproj
		visuald\Templates\ProjectItems_vs9\StaticLib\StaticLib.vstemplate = visuald\Templates\ProjectItems_vs9\StaticLib\StaticLib.vstemplate
	EndProjectSection
EndProject
Project("{2150E333-8FDC-42A3-9474-1A3956D46DE8}") = "CodeSnippets", "CodeSnippets", "{1F473A70-B5E1-4D56-A9F3-E87D69886621}"
	ProjectSection(SolutionItems) = preProject
		visuald\Templates\CodeSnippets\SnippetsIndex.xml = visuald\Templates\CodeSnippets\SnippetsIndex.xml
	EndProjectSection
EndProject
Project("{2150E333-8FDC-42A3-9474-1A3956D46DE8}") = "VDProject", "VDProject", "{64E623A0-2378-4DDA-979E-9E0C2E20EB41}"
	ProjectSection(SolutionItems) = preProject
		visuald\Templates\ProjectItems\VDProject\main.d = visuald\Templates\ProjectItems\VDProject\main.d
		visuald\Templates\ProjectItems\VDProject\VDProject.vstemplate = visuald\Templates\ProjectItems\VDProject\VDProject.vstemplate
		visuald\Templates\ProjectItems\VDProject\WindowsApp.visualdproj = visuald\Templates\ProjectItems\VDProject\WindowsApp.visualdproj
	EndProjectSection
EndProject
Project("{2150E333-8FDC-42A3-9474-1A3956D46DE8}") = "WindowsApp", "WindowsApp", "{141CC6E2-473A-4BF8-A0D5-68DF367ECBC3}"
	ProjectSection(SolutionItems) = preProject
		visuald\Templates\ProjectItems_vs9\WindowsApp\WindowsApp.visualdproj = visuald\Templates\ProjectItems_vs9\WindowsApp\WindowsApp.visualdproj
		visuald\Templates\ProjectItems_vs9\WindowsApp\WindowsApp.vstemplate = visuald\Templates\ProjectItems_vs9\WindowsApp\WindowsApp.vstemplate
		visuald\Templates\ProjectItems_vs9\WindowsApp\winmain.d = visuald\Templates\ProjectItems_vs9\WindowsApp\winmain.d
	EndProjectSection
EndProject
Project("{2150E333-8FDC-42A3-9474-1A3956D46DE8}") = "DUB", "DUB", "{17F86FF0-1B24-43B7-957F-B0066A98FD13}"
EndProject
Project("{2150E333-8FDC-42A3-9474-1A3956D46DE8}") = "minimal", "minimal", "{179DD4F8-C93E-4617-B5CF-A25DBEA13F85}"
	ProjectSection(SolutionItems) = preProject
		visuald\Templates\ProjectItems_vs9\DUB\minimal\app.d = visuald\Templates\ProjectItems_vs9\DUB\minimal\app.d
		visuald\Templates\ProjectItems_vs9\DUB\minimal\ConsoleApp.visualdproj = visuald\Templates\ProjectItems_vs9\DUB\minimal\ConsoleApp.visualdproj
		visuald\Templates\ProjectItems_vs9\DUB\minimal\dub.sdl = visuald\Templates\ProjectItems_vs9\DUB\minimal\dub.sdl
		visuald\Templates\ProjectItems_vs9\DUB\minimal\minimal.vstemplate = visuald\Templates\ProjectItems_vs9\DUB\minimal\minimal.vstemplate
	EndProjectSection
EndProject
Project("{2150E333-8FDC-42A3-9474-1A3956D46DE8}") = "Items", "Items", "{EC52C2EA-80D0-4688-BA51-81578C88C17C}"
	ProjectSection(SolutionItems) = preProject
		visuald\Templates\Items\empty.d = visuald\Templates\Items\empty.d
		visuald\Templates\Items\hello.d = visuald\Templates\Items\hello.d
		visuald\Templates\Items\items.vsdir = visuald\Templates\Items\items.vsdir
	EndProjectSection
EndProject
Project("{2150E333-8FDC-42A3-9474-1A3956D46DE8}") = "ProjectItems_vs9", "ProjectItems_vs9", "{48291A62-1094-4BEC-9B13-8FD8E8358022}"
EndProject
Project("{2150E333-8FDC-42A3-9474-1A3956D46DE8}") = "ConsoleDMDLDC", "ConsoleDMDLDC", "{E09C1BAF-1B29-48C3-9796-C55517D240CF}"
	ProjectSection(SolutionItems) = preProject
		visuald\Templates\ProjectItems_vs9\ConsoleDMDLDC\ConsoleApp.visualdproj = visuald\Templates\ProjectItems_vs9\ConsoleDMDLDC\ConsoleApp.visualdproj
		visuald\Templates\ProjectItems_vs9\ConsoleDMDLDC\ConsoleApp.vstemplate = visuald\Templates\ProjectItems_vs9\ConsoleDMDLDC\ConsoleApp.vstemplate
		visuald\Templates\ProjectItems_vs9\ConsoleDMDLDC\main.d = visuald\Templates\ProjectItems_vs9\ConsoleDMDLDC\main.d
	EndProjectSection
EndProject
Project("{2150E333-8FDC-42A3-9474-1A3956D46DE8}") = "ProjectItems", "ProjectItems", "{C7F6CF4C-DB41-492C-9AD2-AA1001A389B0}"
EndProject
Project("{2150E333-8FDC-42A3-9474-1A3956D46DE8}") = "Snippets", "Snippets", "{6DE93AA1-4EBB-40DF-8C3D-6B060F2F045A}"
	ProjectSection(SolutionItems) = preProject
		visuald\Templates\CodeSnippets\Snippets\blockcomment.snippet = visuald\Templates\CodeSnippets\Snippets\blockcomment.snippet
		visuald\Templates\CodeSnippets\Snippets\class.snippet = visuald\Templates\CodeSnippets\Snippets\class.snippet
		visuald\Templates\CodeSnippets\Snippets\ctor.snippet = visuald\Templates\CodeSnippets\Snippets\ctor.snippet
		visuald\Templates\CodeSnippets\Snippets\else.snippet = visuald\Templates\CodeSnippets\Snippets\else.snippet
		visuald\Templates\CodeSnippets\Snippets\for.snippet = visuald\Templates\CodeSnippets\Snippets\for.snippet
		visuald\Templates\CodeSnippets\Snippets\if.snippet = visuald\Templates\CodeSnippets\Snippets\if.snippet
		visuald\Templates\CodeSnippets\Snippets\version.snippet = visuald\Templates\CodeSnippets\Snippets\version.snippet
		visuald\Templates\CodeSnippets\Snippets\while.snippet = visuald\Templates\CodeSnippets\Snippets\while.snippet
	EndProjectSection
EndProject
Project("{2150E333-8FDC-42A3-9474-1A3956D46DE8}") = "Projects", "Projects", "{6FDF165B-4643-4059-8B50-70B6E4A2D99C}"
	ProjectSection(SolutionItems) = preProject
		visuald\Templates\Projects\DTemplates.vsdir = visuald\Templates\Projects\DTemplates.vsdir
		visuald\Templates\Projects\DubTemplates.vsdir = visuald\Templates\Projects\DubTemplates.vsdir
	EndProjectSection
EndProject
Project("{2150E333-8FDC-42A3-9474-1A3956D46DE8}") = "VCItems", "VCItems", "{1F0F6731-D58B-4F54-A330-C4C1011F76EE}"
	ProjectSection(SolutionItems) = preProject
		visuald\Templates\VCItems\ditems.vsdir = visuald\Templates\VCItems\ditems.vsdir
	EndProjectSection
EndProject
Project("{2150E333-8FDC-42A3-9474-1A3956D46DE8}") = "Extensions_vs12", "Extensions_vs12", "{BDE81C48-A33E-4852-A49F-AD0080C4B400}"
	ProjectSection(SolutionItems) = preProject
		nsis\Extensions_vs12\extension.vsixmanifest = nsis\Extensions_vs12\extension.vsixmanifest
	EndProjectSection
EndProject
Project("{2150E333-8FDC-42A3-9474-1A3956D46DE8}") = "Extensions_vs15", "Extensions_vs15", "{8A87ACE9-7B7C-4BC6-B9BD-3664429A8A5E}"
	ProjectSection(SolutionItems) = preProject
		nsis\Extensions_vs15\extension.vsixmanifest = nsis\Extensions_vs15\extension.vsixmanifest
	EndProjectSection
EndProject
Project("{002A2DE9-8BB6-484D-9802-7E4AD4084715}") = "dfmt", "dfmt\dfmt.visualdproj", "{8EC6179A-7BBA-4555-B384-3B19D3BB7028}"
EndProject
Global
	GlobalSection(SolutionConfigurationPlatforms) = preSolution
		Debug COFF32|Win32 = Debug COFF32|Win32
		Debug COFF32|x64 = Debug COFF32|x64
		Debug GDC|Win32 = Debug GDC|Win32
		Debug GDC|x64 = Debug GDC|x64
		Debug LDC ARM|Win32 = Debug LDC ARM|Win32
		Debug LDC ARM|x64 = Debug LDC ARM|x64
		Debug LDC|Win32 = Debug LDC|Win32
		Debug LDC|x64 = Debug LDC|x64
		Debug OMF|Win32 = Debug OMF|Win32
		Debug OMF|x64 = Debug OMF|x64
		Debug|Win32 = Debug|Win32
		Debug|x64 = Debug|x64
		Release COFF32|Win32 = Release COFF32|Win32
		Release COFF32|x64 = Release COFF32|x64
		Release LDC ARM|Win32 = Release LDC ARM|Win32
		Release LDC ARM|x64 = Release LDC ARM|x64
		Release LDC|Win32 = Release LDC|Win32
		Release LDC|x64 = Release LDC|x64
		Release OMF|Win32 = Release OMF|Win32
		Release OMF|x64 = Release OMF|x64
		Release|Win32 = Release|Win32
		Release|x64 = Release|x64
		Test|Win32 = Test|Win32
		Test|x64 = Test|x64
		TestDebug|Win32 = TestDebug|Win32
		TestDebug|x64 = TestDebug|x64
	EndGlobalSection
	GlobalSection(ProjectConfigurationPlatforms) = postSolution
		{7610F45A-69D9-4B68-BE63-0E055B51D447}.Debug COFF32|Win32.ActiveCfg = Debug COFF32|Win32
		{7610F45A-69D9-4B68-BE63-0E055B51D447}.Debug COFF32|Win32.Build.0 = Debug COFF32|Win32
		{7610F45A-69D9-4B68-BE63-0E055B51D447}.Debug COFF32|x64.ActiveCfg = Debug COFF32|x64
		{7610F45A-69D9-4B68-BE63-0E055B51D447}.Debug COFF32|x64.Build.0 = Debug COFF32|x64
		{7610F45A-69D9-4B68-BE63-0E055B51D447}.Debug GDC|Win32.ActiveCfg = Debug|Win32
		{7610F45A-69D9-4B68-BE63-0E055B51D447}.Debug GDC|Win32.Build.0 = Debug|Win32
		{7610F45A-69D9-4B68-BE63-0E055B51D447}.Debug GDC|x64.ActiveCfg = Debug|Win32
		{7610F45A-69D9-4B68-BE63-0E055B51D447}.Debug LDC ARM|Win32.ActiveCfg = Debug LDC ARM|Win32
		{7610F45A-69D9-4B68-BE63-0E055B51D447}.Debug LDC ARM|Win32.Build.0 = Debug LDC ARM|Win32
		{7610F45A-69D9-4B68-BE63-0E055B51D447}.Debug LDC ARM|x64.ActiveCfg = Debug LDC ARM|x64
		{7610F45A-69D9-4B68-BE63-0E055B51D447}.Debug LDC ARM|x64.Build.0 = Debug LDC ARM|x64
		{7610F45A-69D9-4B68-BE63-0E055B51D447}.Debug LDC|Win32.ActiveCfg = Debug LDC|Win32
		{7610F45A-69D9-4B68-BE63-0E055B51D447}.Debug LDC|Win32.Build.0 = Debug LDC|Win32
		{7610F45A-69D9-4B68-BE63-0E055B51D447}.Debug LDC|x64.ActiveCfg = Debug LDC|x64
		{7610F45A-69D9-4B68-BE63-0E055B51D447}.Debug LDC|x64.Build.0 = Debug LDC|x64
		{7610F45A-69D9-4B68-BE63-0E055B51D447}.Debug OMF|Win32.ActiveCfg = Debug|Win32
		{7610F45A-69D9-4B68-BE63-0E055B51D447}.Debug OMF|Win32.Build.0 = Debug|Win32
		{7610F45A-69D9-4B68-BE63-0E055B51D447}.Debug OMF|x64.ActiveCfg = Debug|Win32
		{7610F45A-69D9-4B68-BE63-0E055B51D447}.Debug|Win32.ActiveCfg = Debug|Win32
		{7610F45A-69D9-4B68-BE63-0E055B51D447}.Debug|Win32.Build.0 = Debug|Win32
		{7610F45A-69D9-4B68-BE63-0E055B51D447}.Debug|x64.ActiveCfg = Debug|Win32
		{7610F45A-69D9-4B68-BE63-0E055B51D447}.Release COFF32|Win32.ActiveCfg = Release COFF32|Win32
		{7610F45A-69D9-4B68-BE63-0E055B51D447}.Release COFF32|Win32.Build.0 = Release COFF32|Win32
		{7610F45A-69D9-4B68-BE63-0E055B51D447}.Release COFF32|x64.ActiveCfg = Release COFF32|x64
		{7610F45A-69D9-4B68-BE63-0E055B51D447}.Release COFF32|x64.Build.0 = Release COFF32|x64
		{7610F45A-69D9-4B68-BE63-0E055B51D447}.Release LDC ARM|Win32.ActiveCfg = Debug LDC ARM|Win32
		{7610F45A-69D9-4B68-BE63-0E055B51D447}.Release LDC ARM|Win32.Build.0 = Debug LDC ARM|Win32
		{7610F45A-69D9-4B68-BE63-0E055B51D447}.Release LDC ARM|x64.ActiveCfg = Release LDC ARM|x64
		{7610F45A-69D9-4B68-BE63-0E055B51D447}.Release LDC ARM|x64.Build.0 = Release LDC ARM|x64
		{7610F45A-69D9-4B68-BE63-0E055B51D447}.Release LDC|Win32.ActiveCfg = Release LDC|Win32
		{7610F45A-69D9-4B68-BE63-0E055B51D447}.Release LDC|Win32.Build.0 = Release LDC|Win32
		{7610F45A-69D9-4B68-BE63-0E055B51D447}.Release LDC|x64.ActiveCfg = Release LDC|x64
		{7610F45A-69D9-4B68-BE63-0E055B51D447}.Release LDC|x64.Build.0 = Release LDC|x64
		{7610F45A-69D9-4B68-BE63-0E055B51D447}.Release OMF|Win32.ActiveCfg = Release|Win32
		{7610F45A-69D9-4B68-BE63-0E055B51D447}.Release OMF|Win32.Build.0 = Release|Win32
		{7610F45A-69D9-4B68-BE63-0E055B51D447}.Release OMF|x64.ActiveCfg = Release|Win32
		{7610F45A-69D9-4B68-BE63-0E055B51D447}.Release|Win32.ActiveCfg = Release|Win32
		{7610F45A-69D9-4B68-BE63-0E055B51D447}.Release|Win32.Build.0 = Release|Win32
		{7610F45A-69D9-4B68-BE63-0E055B51D447}.Release|x64.ActiveCfg = Release|Win32
		{7610F45A-69D9-4B68-BE63-0E055B51D447}.Test|Win32.ActiveCfg = Release|Win32
		{7610F45A-69D9-4B68-BE63-0E055B51D447}.Test|x64.ActiveCfg = Release|Win32
		{7610F45A-69D9-4B68-BE63-0E055B51D447}.TestDebug|Win32.ActiveCfg = TestDebug|Win32
		{7610F45A-69D9-4B68-BE63-0E055B51D447}.TestDebug|Win32.Build.0 = TestDebug|Win32
		{7610F45A-69D9-4B68-BE63-0E055B51D447}.TestDebug|x64.ActiveCfg = TestDebug|Win32
		{32872753-4812-40DA-9B24-1C2114621E78}.Debug COFF32|Win32.ActiveCfg = Debug COFF32|Win32
		{32872753-4812-40DA-9B24-1C2114621E78}.Debug COFF32|Win32.Build.0 = Debug COFF32|Win32
		{32872753-4812-40DA-9B24-1C2114621E78}.Debug COFF32|x64.ActiveCfg = Debug COFF32|x64
		{32872753-4812-40DA-9B24-1C2114621E78}.Debug COFF32|x64.Build.0 = Debug COFF32|x64
		{32872753-4812-40DA-9B24-1C2114621E78}.Debug GDC|Win32.ActiveCfg = Debug GDC|Win32
		{32872753-4812-40DA-9B24-1C2114621E78}.Debug GDC|Win32.Build.0 = Debug GDC|Win32
		{32872753-4812-40DA-9B24-1C2114621E78}.Debug GDC|x64.ActiveCfg = Debug GDC|x64
		{32872753-4812-40DA-9B24-1C2114621E78}.Debug GDC|x64.Build.0 = Debug GDC|x64
		{32872753-4812-40DA-9B24-1C2114621E78}.Debug LDC ARM|Win32.ActiveCfg = Debug LDC ARM|Win32
		{32872753-4812-40DA-9B24-1C2114621E78}.Debug LDC ARM|Win32.Build.0 = Debug LDC ARM|Win32
		{32872753-4812-40DA-9B24-1C2114621E78}.Debug LDC ARM|x64.ActiveCfg = Debug LDC ARM|x64
		{32872753-4812-40DA-9B24-1C2114621E78}.Debug LDC ARM|x64.Build.0 = Debug LDC ARM|x64
		{32872753-4812-40DA-9B24-1C2114621E78}.Debug LDC|Win32.ActiveCfg = Debug LDC|Win32
		{32872753-4812-40DA-9B24-1C2114621E78}.Debug LDC|Win32.Build.0 = Debug LDC|Win32
		{32872753-4812-40DA-9B24-1C2114621E78}.Debug LDC|x64.ActiveCfg = Debug LDC|x64
		{32872753-4812-40DA-9B24-1C2114621E78}.Debug LDC|x64.Build.0 = Debug LDC|x64
		{32872753-4812-40DA-9B24-1C2114621E78}.Debug OMF|Win32.ActiveCfg = Debug|Win32
		{32872753-4812-40DA-9B24-1C2114621E78}.Debug OMF|Win32.Build.0 = Debug|Win32
		{32872753-4812-40DA-9B24-1C2114621E78}.Debug OMF|x64.ActiveCfg = Debug|x64
		{32872753-4812-40DA-9B24-1C2114621E78}.Debug OMF|x64.Build.0 = Debug|x64
		{32872753-4812-40DA-9B24-1C2114621E78}.Debug|Win32.ActiveCfg = Debug|Win32
		{32872753-4812-40DA-9B24-1C2114621E78}.Debug|Win32.Build.0 = Debug|Win32
		{32872753-4812-40DA-9B24-1C2114621E78}.Debug|x64.ActiveCfg = Debug|x64
		{32872753-4812-40DA-9B24-1C2114621E78}.Debug|x64.Build.0 = Debug|x64
		{32872753-4812-40DA-9B24-1C2114621E78}.Release COFF32|Win32.ActiveCfg = Release COFF32|Win32
		{32872753-4812-40DA-9B24-1C2114621E78}.Release COFF32|Win32.Build.0 = Release COFF32|Win32
		{32872753-4812-40DA-9B24-1C2114621E78}.Release COFF32|x64.ActiveCfg = Release COFF32|x64
		{32872753-4812-40DA-9B24-1C2114621E78}.Release COFF32|x64.Build.0 = Release COFF32|x64
		{32872753-4812-40DA-9B24-1C2114621E78}.Release LDC ARM|Win32.ActiveCfg = Debug LDC ARM|Win32
		{32872753-4812-40DA-9B24-1C2114621E78}.Release LDC ARM|Win32.Build.0 = Debug LDC ARM|Win32
		{32872753-4812-40DA-9B24-1C2114621E78}.Release LDC ARM|x64.ActiveCfg = Release LDC ARM|x64
		{32872753-4812-40DA-9B24-1C2114621E78}.Release LDC ARM|x64.Build.0 = Release LDC ARM|x64
		{32872753-4812-40DA-9B24-1C2114621E78}.Release LDC|Win32.ActiveCfg = Release LDC|Win32
		{32872753-4812-40DA-9B24-1C2114621E78}.Release LDC|Win32.Build.0 = Release LDC|Win32
		{32872753-4812-40DA-9B24-1C2114621E78}.Release LDC|x64.ActiveCfg = Release LDC|x64
		{32872753-4812-40DA-9B24-1C2114621E78}.Release LDC|x64.Build.0 = Release LDC|x64
		{32872753-4812-40DA-9B24-1C2114621E78}.Release OMF|Win32.ActiveCfg = Release|Win32
		{32872753-4812-40DA-9B24-1C2114621E78}.Release OMF|Win32.Build.0 = Release|Win32
		{32872753-4812-40DA-9B24-1C2114621E78}.Release OMF|x64.ActiveCfg = Release|x64
		{32872753-4812-40DA-9B24-1C2114621E78}.Release OMF|x64.Build.0 = Release|x64
		{32872753-4812-40DA-9B24-1C2114621E78}.Release|Win32.ActiveCfg = Release|Win32
		{32872753-4812-40DA-9B24-1C2114621E78}.Release|Win32.Build.0 = Release|Win32
		{32872753-4812-40DA-9B24-1C2114621E78}.Release|x64.ActiveCfg = Release|x64
		{32872753-4812-40DA-9B24-1C2114621E78}.Release|x64.Build.0 = Release|x64
		{32872753-4812-40DA-9B24-1C2114621E78}.Test|Win32.ActiveCfg = Release|Win32
		{32872753-4812-40DA-9B24-1C2114621E78}.Test|Win32.Build.0 = Release|Win32
		{32872753-4812-40DA-9B24-1C2114621E78}.Test|x64.ActiveCfg = TestDebug|x64
		{32872753-4812-40DA-9B24-1C2114621E78}.Test|x64.Build.0 = TestDebug|x64
		{32872753-4812-40DA-9B24-1C2114621E78}.TestDebug|Win32.ActiveCfg = TestDebug|Win32
		{32872753-4812-40DA-9B24-1C2114621E78}.TestDebug|Win32.Build.0 = TestDebug|Win32
		{32872753-4812-40DA-9B24-1C2114621E78}.TestDebug|x64.ActiveCfg = TestDebug|x64
		{32872753-4812-40DA-9B24-1C2114621E78}.TestDebug|x64.Build.0 = TestDebug|x64
		{8760F45A-69D9-4B68-BE63-0E055B51D447}.Debug COFF32|Win32.ActiveCfg = Debug COFF32|Win32
		{8760F45A-69D9-4B68-BE63-0E055B51D447}.Debug COFF32|Win32.Build.0 = Debug COFF32|Win32
		{8760F45A-69D9-4B68-BE63-0E055B51D447}.Debug COFF32|x64.ActiveCfg = Debug COFF32|x64
		{8760F45A-69D9-4B68-BE63-0E055B51D447}.Debug COFF32|x64.Build.0 = Debug COFF32|x64
		{8760F45A-69D9-4B68-BE63-0E055B51D447}.Debug GDC|Win32.ActiveCfg = Debug GDC|Win32
		{8760F45A-69D9-4B68-BE63-0E055B51D447}.Debug GDC|Win32.Build.0 = Debug GDC|Win32
		{8760F45A-69D9-4B68-BE63-0E055B51D447}.Debug GDC|x64.ActiveCfg = Debug GDC|x64
		{8760F45A-69D9-4B68-BE63-0E055B51D447}.Debug GDC|x64.Build.0 = Debug GDC|x64
		{8760F45A-69D9-4B68-BE63-0E055B51D447}.Debug LDC ARM|Win32.ActiveCfg = Debug LDC|Win32
		{8760F45A-69D9-4B68-BE63-0E055B51D447}.Debug LDC ARM|Win32.Build.0 = Debug LDC|Win32
		{8760F45A-69D9-4B68-BE63-0E055B51D447}.Debug LDC ARM|x64.ActiveCfg = Debug LDC|x64
		{8760F45A-69D9-4B68-BE63-0E055B51D447}.Debug LDC ARM|x64.Build.0 = Debug LDC|x64
		{8760F45A-69D9-4B68-BE63-0E055B51D447}.Debug LDC|Win32.ActiveCfg = Debug LDC|Win32
		{8760F45A-69D9-4B68-BE63-0E055B51D447}.Debug LDC|Win32.Build.0 = Debug LDC|Win32
		{8760F45A-69D9-4B68-BE63-0E055B51D447}.Debug LDC|x64.ActiveCfg = Debug LDC|x64
		{8760F45A-69D9-4B68-BE63-0E055B51D447}.Debug LDC|x64.Build.0 = Debug LDC|x64
		{8760F45A-69D9-4B68-BE63-0E055B51D447}.Debug OMF|Win32.ActiveCfg = Debug|Win32
		{8760F45A-69D9-4B68-BE63-0E055B51D447}.Debug OMF|Win32.Build.0 = Debug|Win32
		{8760F45A-69D9-4B68-BE63-0E055B51D447}.Debug OMF|x64.ActiveCfg = Debug|x64
		{8760F45A-69D9-4B68-BE63-0E055B51D447}.Debug OMF|x64.Build.0 = Debug|x64
		{8760F45A-69D9-4B68-BE63-0E055B51D447}.Debug|Win32.ActiveCfg = Debug|Win32
		{8760F45A-69D9-4B68-BE63-0E055B51D447}.Debug|Win32.Build.0 = Debug|Win32
		{8760F45A-69D9-4B68-BE63-0E055B51D447}.Debug|x64.ActiveCfg = Debug|x64
		{8760F45A-69D9-4B68-BE63-0E055B51D447}.Debug|x64.Build.0 = Debug|x64
		{8760F45A-69D9-4B68-BE63-0E055B51D447}.Release COFF32|Win32.ActiveCfg = Release COFF32|Win32
		{8760F45A-69D9-4B68-BE63-0E055B51D447}.Release COFF32|Win32.Build.0 = Release COFF32|Win32
		{8760F45A-69D9-4B68-BE63-0E055B51D447}.Release COFF32|x64.ActiveCfg = Release COFF32|x64
		{8760F45A-69D9-4B68-BE63-0E055B51D447}.Release COFF32|x64.Build.0 = Release COFF32|x64
		{8760F45A-69D9-4B68-BE63-0E055B51D447}.Release LDC ARM|Win32.ActiveCfg = Debug LDC|Win32
		{8760F45A-69D9-4B68-BE63-0E055B51D447}.Release LDC ARM|Win32.Build.0 = Debug LDC|Win32
		{8760F45A-69D9-4B68-BE63-0E055B51D447}.Release LDC ARM|x64.ActiveCfg = Release LDC|x64
		{8760F45A-69D9-4B68-BE63-0E055B51D447}.Release LDC ARM|x64.Build.0 = Release LDC|x64
		{8760F45A-69D9-4B68-BE63-0E055B51D447}.Release LDC|Win32.ActiveCfg = Release LDC|Win32
		{8760F45A-69D9-4B68-BE63-0E055B51D447}.Release LDC|Win32.Build.0 = Release LDC|Win32
		{8760F45A-69D9-4B68-BE63-0E055B51D447}.Release LDC|x64.ActiveCfg = Release LDC|x64
		{8760F45A-69D9-4B68-BE63-0E055B51D447}.Release LDC|x64.Build.0 = Release LDC|x64
		{8760F45A-69D9-4B68-BE63-0E055B51D447}.Release OMF|Win32.ActiveCfg = Release|Win32
		{8760F45A-69D9-4B68-BE63-0E055B51D447}.Release OMF|Win32.Build.0 = Release|Win32
		{8760F45A-69D9-4B68-BE63-0E055B51D447}.Release OMF|x64.ActiveCfg = Release|x64
		{8760F45A-69D9-4B68-BE63-0E055B51D447}.Release OMF|x64.Build.0 = Release|x64
		{8760F45A-69D9-4B68-BE63-0E055B51D447}.Release|Win32.ActiveCfg = Release|Win32
		{8760F45A-69D9-4B68-BE63-0E055B51D447}.Release|Win32.Build.0 = Release|Win32
		{8760F45A-69D9-4B68-BE63-0E055B51D447}.Release|x64.ActiveCfg = Release|x64
		{8760F45A-69D9-4B68-BE63-0E055B51D447}.Release|x64.Build.0 = Release|x64
		{8760F45A-69D9-4B68-BE63-0E055B51D447}.Test|Win32.ActiveCfg = Release|Win32
		{8760F45A-69D9-4B68-BE63-0E055B51D447}.Test|x64.ActiveCfg = Debug GDC|x64
		{8760F45A-69D9-4B68-BE63-0E055B51D447}.Test|x64.Build.0 = Debug GDC|x64
		{8760F45A-69D9-4B68-BE63-0E055B51D447}.TestDebug|Win32.ActiveCfg = TestDebug|Win32
		{8760F45A-69D9-4B68-BE63-0E055B51D447}.TestDebug|Win32.Build.0 = TestDebug|Win32
		{8760F45A-69D9-4B68-BE63-0E055B51D447}.TestDebug|x64.ActiveCfg = TestDebug|x64
		{8760F45A-69D9-4B68-BE63-0E055B51D447}.TestDebug|x64.Build.0 = TestDebug|x64
		{FE3A959D-6CFA-43BF-8637-62125B571770}.Debug COFF32|Win32.ActiveCfg = Debug COFF32|Win32
		{FE3A959D-6CFA-43BF-8637-62125B571770}.Debug COFF32|Win32.Build.0 = Debug COFF32|Win32
		{FE3A959D-6CFA-43BF-8637-62125B571770}.Debug COFF32|x64.ActiveCfg = Debug COFF32|x64
		{FE3A959D-6CFA-43BF-8637-62125B571770}.Debug COFF32|x64.Build.0 = Debug COFF32|x64
		{FE3A959D-6CFA-43BF-8637-62125B571770}.Debug GDC|Win32.ActiveCfg = Debug GDC|Win32
		{FE3A959D-6CFA-43BF-8637-62125B571770}.Debug GDC|Win32.Build.0 = Debug GDC|Win32
		{FE3A959D-6CFA-43BF-8637-62125B571770}.Debug GDC|x64.ActiveCfg = Debug GDC|x64
		{FE3A959D-6CFA-43BF-8637-62125B571770}.Debug GDC|x64.Build.0 = Debug GDC|x64
		{FE3A959D-6CFA-43BF-8637-62125B571770}.Debug LDC ARM|Win32.ActiveCfg = Debug LDC ARM|Win32
		{FE3A959D-6CFA-43BF-8637-62125B571770}.Debug LDC ARM|Win32.Build.0 = Debug LDC ARM|Win32
		{FE3A959D-6CFA-43BF-8637-62125B571770}.Debug LDC ARM|x64.ActiveCfg = Debug LDC ARM|x64
		{FE3A959D-6CFA-43BF-8637-62125B571770}.Debug LDC ARM|x64.Build.0 = Debug LDC ARM|x64
		{FE3A959D-6CFA-43BF-8637-62125B571770}.Debug LDC|Win32.ActiveCfg = Debug LDC|Win32
		{FE3A959D-6CFA-43BF-8637-62125B571770}.Debug LDC|Win32.Build.0 = Debug LDC|Win32
		{FE3A959D-6CFA-43BF-8637-62125B571770}.Debug LDC|x64.ActiveCfg = Debug LDC|x64
		{FE3A959D-6CFA-43BF-8637-62125B571770}.Debug LDC|x64.Build.0 = Debug LDC|x64
		{FE3A959D-6CFA-43BF-8637-62125B571770}.Debug OMF|Win32.ActiveCfg = Debug|Win32
		{FE3A959D-6CFA-43BF-8637-62125B571770}.Debug OMF|Win32.Build.0 = Debug|Win32
		{FE3A959D-6CFA-43BF-8637-62125B571770}.Debug OMF|x64.ActiveCfg = Debug|x64
		{FE3A959D-6CFA-43BF-8637-62125B571770}.Debug OMF|x64.Build.0 = Debug|x64
		{FE3A959D-6CFA-43BF-8637-62125B571770}.Debug|Win32.ActiveCfg = Debug|Win32
		{FE3A959D-6CFA-43BF-8637-62125B571770}.Debug|Win32.Build.0 = Debug|Win32
		{FE3A959D-6CFA-43BF-8637-62125B571770}.Debug|x64.ActiveCfg = Debug|x64
		{FE3A959D-6CFA-43BF-8637-62125B571770}.Debug|x64.Build.0 = Debug|x64
		{FE3A959D-6CFA-43BF-8637-62125B571770}.Release COFF32|Win32.ActiveCfg = Release COFF32|Win32
		{FE3A959D-6CFA-43BF-8637-62125B571770}.Release COFF32|Win32.Build.0 = Release COFF32|Win32
		{FE3A959D-6CFA-43BF-8637-62125B571770}.Release COFF32|x64.ActiveCfg = Release COFF32|x64
		{FE3A959D-6CFA-43BF-8637-62125B571770}.Release COFF32|x64.Build.0 = Release COFF32|x64
		{FE3A959D-6CFA-43BF-8637-62125B571770}.Release LDC ARM|Win32.ActiveCfg = Debug LDC ARM|Win32
		{FE3A959D-6CFA-43BF-8637-62125B571770}.Release LDC ARM|Win32.Build.0 = Debug LDC ARM|Win32
		{FE3A959D-6CFA-43BF-8637-62125B571770}.Release LDC ARM|x64.ActiveCfg = Release LDC ARM|x64
		{FE3A959D-6CFA-43BF-8637-62125B571770}.Release LDC ARM|x64.Build.0 = Release LDC ARM|x64
		{FE3A959D-6CFA-43BF-8637-62125B571770}.Release LDC|Win32.ActiveCfg = Release LDC|Win32
		{FE3A959D-6CFA-43BF-8637-62125B571770}.Release LDC|Win32.Build.0 = Release LDC|Win32
		{FE3A959D-6CFA-43BF-8637-62125B571770}.Release LDC|x64.ActiveCfg = Release LDC|x64
		{FE3A959D-6CFA-43BF-8637-62125B571770}.Release LDC|x64.Build.0 = Release LDC|x64
		{FE3A959D-6CFA-43BF-8637-62125B571770}.Release OMF|Win32.ActiveCfg = Release|Win32
		{FE3A959D-6CFA-43BF-8637-62125B571770}.Release OMF|Win32.Build.0 = Release|Win32
		{FE3A959D-6CFA-43BF-8637-62125B571770}.Release OMF|x64.ActiveCfg = Release|x64
		{FE3A959D-6CFA-43BF-8637-62125B571770}.Release OMF|x64.Build.0 = Release|x64
		{FE3A959D-6CFA-43BF-8637-62125B571770}.Release|Win32.ActiveCfg = Release|Win32
		{FE3A959D-6CFA-43BF-8637-62125B571770}.Release|Win32.Build.0 = Release|Win32
		{FE3A959D-6CFA-43BF-8637-62125B571770}.Release|x64.ActiveCfg = Release|x64
		{FE3A959D-6CFA-43BF-8637-62125B571770}.Release|x64.Build.0 = Release|x64
		{FE3A959D-6CFA-43BF-8637-62125B571770}.Test|Win32.ActiveCfg = TestDebug|Win32
		{FE3A959D-6CFA-43BF-8637-62125B571770}.Test|Win32.Build.0 = TestDebug|Win32
		{FE3A959D-6CFA-43BF-8637-62125B571770}.Test|x64.ActiveCfg = TestDebug|x64
		{FE3A959D-6CFA-43BF-8637-62125B571770}.Test|x64.Build.0 = TestDebug|x64
		{FE3A959D-6CFA-43BF-8637-62125B571770}.TestDebug|Win32.ActiveCfg = TestDebug|Win32
		{FE3A959D-6CFA-43BF-8637-62125B571770}.TestDebug|Win32.Build.0 = TestDebug|Win32
		{FE3A959D-6CFA-43BF-8637-62125B571770}.TestDebug|x64.ActiveCfg = TestDebug|x64
		{2070DF9A-6D80-4E3C-950A-C1BBA1B20F4D}.Debug COFF32|Win32.ActiveCfg = Debug COFF32|Win32
		{2070DF9A-6D80-4E3C-950A-C1BBA1B20F4D}.Debug COFF32|Win32.Build.0 = Debug COFF32|Win32
		{2070DF9A-6D80-4E3C-950A-C1BBA1B20F4D}.Debug COFF32|x64.ActiveCfg = Debug COFF32|x64
		{2070DF9A-6D80-4E3C-950A-C1BBA1B20F4D}.Debug COFF32|x64.Build.0 = Debug COFF32|x64
		{2070DF9A-6D80-4E3C-950A-C1BBA1B20F4D}.Debug GDC|Win32.ActiveCfg = Debug GDC|Win32
		{2070DF9A-6D80-4E3C-950A-C1BBA1B20F4D}.Debug GDC|Win32.Build.0 = Debug GDC|Win32
		{2070DF9A-6D80-4E3C-950A-C1BBA1B20F4D}.Debug GDC|x64.ActiveCfg = Debug GDC|x64
		{2070DF9A-6D80-4E3C-950A-C1BBA1B20F4D}.Debug GDC|x64.Build.0 = Debug GDC|x64
		{2070DF9A-6D80-4E3C-950A-C1BBA1B20F4D}.Debug LDC ARM|Win32.ActiveCfg = Debug LDC ARM|Win32
		{2070DF9A-6D80-4E3C-950A-C1BBA1B20F4D}.Debug LDC ARM|Win32.Build.0 = Debug LDC ARM|Win32
		{2070DF9A-6D80-4E3C-950A-C1BBA1B20F4D}.Debug LDC ARM|x64.ActiveCfg = Debug LDC ARM|x64
		{2070DF9A-6D80-4E3C-950A-C1BBA1B20F4D}.Debug LDC ARM|x64.Build.0 = Debug LDC ARM|x64
		{2070DF9A-6D80-4E3C-950A-C1BBA1B20F4D}.Debug LDC|Win32.ActiveCfg = Debug LDC|Win32
		{2070DF9A-6D80-4E3C-950A-C1BBA1B20F4D}.Debug LDC|Win32.Build.0 = Debug LDC|Win32
		{2070DF9A-6D80-4E3C-950A-C1BBA1B20F4D}.Debug LDC|x64.ActiveCfg = Debug LDC|x64
		{2070DF9A-6D80-4E3C-950A-C1BBA1B20F4D}.Debug LDC|x64.Build.0 = Debug LDC|x64
		{2070DF9A-6D80-4E3C-950A-C1BBA1B20F4D}.Debug OMF|Win32.ActiveCfg = Debug|Win32
		{2070DF9A-6D80-4E3C-950A-C1BBA1B20F4D}.Debug OMF|Win32.Build.0 = Debug|Win32
		{2070DF9A-6D80-4E3C-950A-C1BBA1B20F4D}.Debug OMF|x64.ActiveCfg = Debug|x64
		{2070DF9A-6D80-4E3C-950A-C1BBA1B20F4D}.Debug OMF|x64.Build.0 = Debug|x64
		{2070DF9A-6D80-4E3C-950A-C1BBA1B20F4D}.Debug|Win32.ActiveCfg = Debug|Win32
		{2070DF9A-6D80-4E3C-950A-C1BBA1B20F4D}.Debug|Win32.Build.0 = Debug|Win32
		{2070DF9A-6D80-4E3C-950A-C1BBA1B20F4D}.Debug|x64.ActiveCfg = Debug|x64
		{2070DF9A-6D80-4E3C-950A-C1BBA1B20F4D}.Debug|x64.Build.0 = Debug|x64
		{2070DF9A-6D80-4E3C-950A-C1BBA1B20F4D}.Release COFF32|Win32.ActiveCfg = Release COFF32|Win32
		{2070DF9A-6D80-4E3C-950A-C1BBA1B20F4D}.Release COFF32|Win32.Build.0 = Release COFF32|Win32
		{2070DF9A-6D80-4E3C-950A-C1BBA1B20F4D}.Release COFF32|x64.ActiveCfg = Release COFF32|x64
		{2070DF9A-6D80-4E3C-950A-C1BBA1B20F4D}.Release COFF32|x64.Build.0 = Release COFF32|x64
		{2070DF9A-6D80-4E3C-950A-C1BBA1B20F4D}.Release LDC ARM|Win32.ActiveCfg = Debug LDC ARM|Win32
		{2070DF9A-6D80-4E3C-950A-C1BBA1B20F4D}.Release LDC ARM|Win32.Build.0 = Debug LDC ARM|Win32
		{2070DF9A-6D80-4E3C-950A-C1BBA1B20F4D}.Release LDC ARM|x64.ActiveCfg = Release LDC ARM|x64
		{2070DF9A-6D80-4E3C-950A-C1BBA1B20F4D}.Release LDC ARM|x64.Build.0 = Release LDC ARM|x64
		{2070DF9A-6D80-4E3C-950A-C1BBA1B20F4D}.Release LDC|Win32.ActiveCfg = Release LDC|Win32
		{2070DF9A-6D80-4E3C-950A-C1BBA1B20F4D}.Release LDC|Win32.Build.0 = Release LDC|Win32
		{2070DF9A-6D80-4E3C-950A-C1BBA1B20F4D}.Release LDC|x64.ActiveCfg = Release LDC|x64
		{2070DF9A-6D80-4E3C-950A-C1BBA1B20F4D}.Release LDC|x64.Build.0 = Release LDC|x64
		{2070DF9A-6D80-4E3C-950A-C1BBA1B20F4D}.Release OMF|Win32.ActiveCfg = Release|Win32
		{2070DF9A-6D80-4E3C-950A-C1BBA1B20F4D}.Release OMF|Win32.Build.0 = Release|Win32
		{2070DF9A-6D80-4E3C-950A-C1BBA1B20F4D}.Release OMF|x64.ActiveCfg = Release|x64
		{2070DF9A-6D80-4E3C-950A-C1BBA1B20F4D}.Release OMF|x64.Build.0 = Release|x64
		{2070DF9A-6D80-4E3C-950A-C1BBA1B20F4D}.Release|Win32.ActiveCfg = Release|Win32
		{2070DF9A-6D80-4E3C-950A-C1BBA1B20F4D}.Release|Win32.Build.0 = Release|Win32
		{2070DF9A-6D80-4E3C-950A-C1BBA1B20F4D}.Release|x64.ActiveCfg = Release|x64
		{2070DF9A-6D80-4E3C-950A-C1BBA1B20F4D}.Release|x64.Build.0 = Release|x64
		{2070DF9A-6D80-4E3C-950A-C1BBA1B20F4D}.Test|Win32.ActiveCfg = Release|Win32
		{2070DF9A-6D80-4E3C-950A-C1BBA1B20F4D}.Test|Win32.Build.0 = Release|Win32
		{2070DF9A-6D80-4E3C-950A-C1BBA1B20F4D}.Test|x64.ActiveCfg = TestDebug|x64
		{2070DF9A-6D80-4E3C-950A-C1BBA1B20F4D}.Test|x64.Build.0 = TestDebug|x64
		{2070DF9A-6D80-4E3C-950A-C1BBA1B20F4D}.TestDebug|Win32.ActiveCfg = TestDebug|Win32
		{2070DF9A-6D80-4E3C-950A-C1BBA1B20F4D}.TestDebug|Win32.Build.0 = TestDebug|Win32
		{2070DF9A-6D80-4E3C-950A-C1BBA1B20F4D}.TestDebug|x64.ActiveCfg = TestDebug|x64
		{2070DF9A-6D80-4E3C-950A-C1BBA1B20F4D}.TestDebug|x64.Build.0 = TestDebug|x64
		{E2073B79-635A-48FA-A5A3-6E760D3A5DD8}.Debug COFF32|Win32.ActiveCfg = Debug COFF32|Win32
		{E2073B79-635A-48FA-A5A3-6E760D3A5DD8}.Debug COFF32|Win32.Build.0 = Debug COFF32|Win32
		{E2073B79-635A-48FA-A5A3-6E760D3A5DD8}.Debug COFF32|x64.ActiveCfg = Debug COFF32|x64
		{E2073B79-635A-48FA-A5A3-6E760D3A5DD8}.Debug COFF32|x64.Build.0 = Debug COFF32|x64
		{E2073B79-635A-48FA-A5A3-6E760D3A5DD8}.Debug GDC|Win32.ActiveCfg = Debug GDC|Win32
		{E2073B79-635A-48FA-A5A3-6E760D3A5DD8}.Debug GDC|Win32.Build.0 = Debug GDC|Win32
		{E2073B79-635A-48FA-A5A3-6E760D3A5DD8}.Debug GDC|x64.ActiveCfg = Debug GDC|x64
		{E2073B79-635A-48FA-A5A3-6E760D3A5DD8}.Debug GDC|x64.Build.0 = Debug GDC|x64
		{E2073B79-635A-48FA-A5A3-6E760D3A5DD8}.Debug LDC ARM|Win32.ActiveCfg = Debug LDC ARM|Win32
		{E2073B79-635A-48FA-A5A3-6E760D3A5DD8}.Debug LDC ARM|Win32.Build.0 = Debug LDC ARM|Win32
		{E2073B79-635A-48FA-A5A3-6E760D3A5DD8}.Debug LDC ARM|x64.ActiveCfg = Debug LDC ARM|x64
		{E2073B79-635A-48FA-A5A3-6E760D3A5DD8}.Debug LDC ARM|x64.Build.0 = Debug LDC ARM|x64
		{E2073B79-635A-48FA-A5A3-6E760D3A5DD8}.Debug LDC|Win32.ActiveCfg = Debug LDC|Win32
		{E2073B79-635A-48FA-A5A3-6E760D3A5DD8}.Debug LDC|Win32.Build.0 = Debug LDC|Win32
		{E2073B79-635A-48FA-A5A3-6E760D3A5DD8}.Debug LDC|x64.ActiveCfg = Debug LDC|x64
		{E2073B79-635A-48FA-A5A3-6E760D3A5DD8}.Debug LDC|x64.Build.0 = Debug LDC|x64
		{E2073B79-635A-48FA-A5A3-6E760D3A5DD8}.Debug OMF|Win32.ActiveCfg = Debug|Win32
		{E2073B79-635A-48FA-A5A3-6E760D3A5DD8}.Debug OMF|Win32.Build.0 = Debug|Win32
		{E2073B79-635A-48FA-A5A3-6E760D3A5DD8}.Debug OMF|x64.ActiveCfg = Debug|x64
		{E2073B79-635A-48FA-A5A3-6E760D3A5DD8}.Debug OMF|x64.Build.0 = Debug|x64
		{E2073B79-635A-48FA-A5A3-6E760D3A5DD8}.Debug|Win32.ActiveCfg = Debug|Win32
		{E2073B79-635A-48FA-A5A3-6E760D3A5DD8}.Debug|Win32.Build.0 = Debug|Win32
		{E2073B79-635A-48FA-A5A3-6E760D3A5DD8}.Debug|x64.ActiveCfg = Debug|x64
		{E2073B79-635A-48FA-A5A3-6E760D3A5DD8}.Debug|x64.Build.0 = Debug|x64
		{E2073B79-635A-48FA-A5A3-6E760D3A5DD8}.Release COFF32|Win32.ActiveCfg = Release COFF32|Win32
		{E2073B79-635A-48FA-A5A3-6E760D3A5DD8}.Release COFF32|Win32.Build.0 = Release COFF32|Win32
		{E2073B79-635A-48FA-A5A3-6E760D3A5DD8}.Release COFF32|x64.ActiveCfg = Release COFF32|x64
		{E2073B79-635A-48FA-A5A3-6E760D3A5DD8}.Release COFF32|x64.Build.0 = Release COFF32|x64
		{E2073B79-635A-48FA-A5A3-6E760D3A5DD8}.Release LDC ARM|Win32.ActiveCfg = Debug LDC ARM|Win32
		{E2073B79-635A-48FA-A5A3-6E760D3A5DD8}.Release LDC ARM|Win32.Build.0 = Debug LDC ARM|Win32
		{E2073B79-635A-48FA-A5A3-6E760D3A5DD8}.Release LDC ARM|x64.ActiveCfg = Release LDC ARM|x64
		{E2073B79-635A-48FA-A5A3-6E760D3A5DD8}.Release LDC ARM|x64.Build.0 = Release LDC ARM|x64
		{E2073B79-635A-48FA-A5A3-6E760D3A5DD8}.Release LDC|Win32.ActiveCfg = Release LDC|Win32
		{E2073B79-635A-48FA-A5A3-6E760D3A5DD8}.Release LDC|Win32.Build.0 = Release LDC|Win32
		{E2073B79-635A-48FA-A5A3-6E760D3A5DD8}.Release LDC|x64.ActiveCfg = Release LDC|x64
		{E2073B79-635A-48FA-A5A3-6E760D3A5DD8}.Release LDC|x64.Build.0 = Release LDC|x64
		{E2073B79-635A-48FA-A5A3-6E760D3A5DD8}.Release OMF|Win32.ActiveCfg = Release|Win32
		{E2073B79-635A-48FA-A5A3-6E760D3A5DD8}.Release OMF|Win32.Build.0 = Release|Win32
		{E2073B79-635A-48FA-A5A3-6E760D3A5DD8}.Release OMF|x64.ActiveCfg = Release|Win32
		{E2073B79-635A-48FA-A5A3-6E760D3A5DD8}.Release|Win32.ActiveCfg = Release|Win32
		{E2073B79-635A-48FA-A5A3-6E760D3A5DD8}.Release|Win32.Build.0 = Release|Win32
		{E2073B79-635A-48FA-A5A3-6E760D3A5DD8}.Release|x64.ActiveCfg = Release|x64
		{E2073B79-635A-48FA-A5A3-6E760D3A5DD8}.Release|x64.Build.0 = Release|x64
		{E2073B79-635A-48FA-A5A3-6E760D3A5DD8}.Test|Win32.ActiveCfg = Release|Win32
		{E2073B79-635A-48FA-A5A3-6E760D3A5DD8}.Test|x64.ActiveCfg = TestDebug|x64
		{E2073B79-635A-48FA-A5A3-6E760D3A5DD8}.Test|x64.Build.0 = TestDebug|x64
		{E2073B79-635A-48FA-A5A3-6E760D3A5DD8}.TestDebug|Win32.ActiveCfg = TestDebug|Win32
		{E2073B79-635A-48FA-A5A3-6E760D3A5DD8}.TestDebug|Win32.Build.0 = TestDebug|Win32
		{E2073B79-635A-48FA-A5A3-6E760D3A5DD8}.TestDebug|x64.ActiveCfg = TestDebug|x64
		{E2073B79-635A-48FA-A5A3-6E760D3A5DD8}.TestDebug|x64.Build.0 = TestDebug|x64
		{E2073B79-635A-48FA-A5A3-6E500D3A5DD8}.Debug COFF32|Win32.ActiveCfg = Debug COFF32|Win32
		{E2073B79-635A-48FA-A5A3-6E500D3A5DD8}.Debug COFF32|Win32.Build.0 = Debug COFF32|Win32
		{E2073B79-635A-48FA-A5A3-6E500D3A5DD8}.Debug COFF32|x64.ActiveCfg = Debug COFF32|x64
		{E2073B79-635A-48FA-A5A3-6E500D3A5DD8}.Debug COFF32|x64.Build.0 = Debug COFF32|x64
		{E2073B79-635A-48FA-A5A3-6E500D3A5DD8}.Debug GDC|Win32.ActiveCfg = Debug GDC|Win32
		{E2073B79-635A-48FA-A5A3-6E500D3A5DD8}.Debug GDC|Win32.Build.0 = Debug GDC|Win32
		{E2073B79-635A-48FA-A5A3-6E500D3A5DD8}.Debug GDC|x64.ActiveCfg = Debug GDC|x64
		{E2073B79-635A-48FA-A5A3-6E500D3A5DD8}.Debug GDC|x64.Build.0 = Debug GDC|x64
		{E2073B79-635A-48FA-A5A3-6E500D3A5DD8}.Debug LDC ARM|Win32.ActiveCfg = Debug LDC|Win32
		{E2073B79-635A-48FA-A5A3-6E500D3A5DD8}.Debug LDC ARM|Win32.Build.0 = Debug LDC|Win32
		{E2073B79-635A-48FA-A5A3-6E500D3A5DD8}.Debug LDC ARM|x64.ActiveCfg = Debug LDC ARM|x64
		{E2073B79-635A-48FA-A5A3-6E500D3A5DD8}.Debug LDC ARM|x64.Build.0 = Debug LDC ARM|x64
		{E2073B79-635A-48FA-A5A3-6E500D3A5DD8}.Debug LDC|Win32.ActiveCfg = Debug LDC|Win32
		{E2073B79-635A-48FA-A5A3-6E500D3A5DD8}.Debug LDC|Win32.Build.0 = Debug LDC|Win32
		{E2073B79-635A-48FA-A5A3-6E500D3A5DD8}.Debug LDC|x64.ActiveCfg = Debug LDC|x64
		{E2073B79-635A-48FA-A5A3-6E500D3A5DD8}.Debug LDC|x64.Build.0 = Debug LDC|x64
		{E2073B79-635A-48FA-A5A3-6E500D3A5DD8}.Debug OMF|Win32.ActiveCfg = Debug|Win32
		{E2073B79-635A-48FA-A5A3-6E500D3A5DD8}.Debug OMF|Win32.Build.0 = Debug|Win32
		{E2073B79-635A-48FA-A5A3-6E500D3A5DD8}.Debug OMF|x64.ActiveCfg = Debug|x64
		{E2073B79-635A-48FA-A5A3-6E500D3A5DD8}.Debug OMF|x64.Build.0 = Debug|x64
		{E2073B79-635A-48FA-A5A3-6E500D3A5DD8}.Debug|Win32.ActiveCfg = Debug|Win32
		{E2073B79-635A-48FA-A5A3-6E500D3A5DD8}.Debug|Win32.Build.0 = Debug|Win32
		{E2073B79-635A-48FA-A5A3-6E500D3A5DD8}.Debug|x64.ActiveCfg = Debug|x64
		{E2073B79-635A-48FA-A5A3-6E500D3A5DD8}.Debug|x64.Build.0 = Debug|x64
		{E2073B79-635A-48FA-A5A3-6E500D3A5DD8}.Release COFF32|Win32.ActiveCfg = Release COFF32|Win32
		{E2073B79-635A-48FA-A5A3-6E500D3A5DD8}.Release COFF32|Win32.Build.0 = Release COFF32|Win32
		{E2073B79-635A-48FA-A5A3-6E500D3A5DD8}.Release COFF32|x64.ActiveCfg = Release COFF32|x64
		{E2073B79-635A-48FA-A5A3-6E500D3A5DD8}.Release COFF32|x64.Build.0 = Release COFF32|x64
		{E2073B79-635A-48FA-A5A3-6E500D3A5DD8}.Release LDC ARM|Win32.ActiveCfg = Debug LDC|Win32
		{E2073B79-635A-48FA-A5A3-6E500D3A5DD8}.Release LDC ARM|Win32.Build.0 = Debug LDC|Win32
		{E2073B79-635A-48FA-A5A3-6E500D3A5DD8}.Release LDC ARM|x64.ActiveCfg = Release LDC ARM|x64
		{E2073B79-635A-48FA-A5A3-6E500D3A5DD8}.Release LDC ARM|x64.Build.0 = Release LDC ARM|x64
		{E2073B79-635A-48FA-A5A3-6E500D3A5DD8}.Release LDC|Win32.ActiveCfg = Release LDC|Win32
		{E2073B79-635A-48FA-A5A3-6E500D3A5DD8}.Release LDC|Win32.Build.0 = Release LDC|Win32
		{E2073B79-635A-48FA-A5A3-6E500D3A5DD8}.Release LDC|x64.ActiveCfg = Release LDC|x64
		{E2073B79-635A-48FA-A5A3-6E500D3A5DD8}.Release LDC|x64.Build.0 = Release LDC|x64
		{E2073B79-635A-48FA-A5A3-6E500D3A5DD8}.Release OMF|Win32.ActiveCfg = Release|Win32
		{E2073B79-635A-48FA-A5A3-6E500D3A5DD8}.Release OMF|Win32.Build.0 = Release|Win32
		{E2073B79-635A-48FA-A5A3-6E500D3A5DD8}.Release OMF|x64.ActiveCfg = Release|Win32
		{E2073B79-635A-48FA-A5A3-6E500D3A5DD8}.Release|Win32.ActiveCfg = Release|Win32
		{E2073B79-635A-48FA-A5A3-6E500D3A5DD8}.Release|Win32.Build.0 = Release|Win32
		{E2073B79-635A-48FA-A5A3-6E500D3A5DD8}.Release|x64.ActiveCfg = Release|x64
		{E2073B79-635A-48FA-A5A3-6E500D3A5DD8}.Release|x64.Build.0 = Release|x64
		{E2073B79-635A-48FA-A5A3-6E500D3A5DD8}.Test|Win32.ActiveCfg = Release|Win32
		{E2073B79-635A-48FA-A5A3-6E500D3A5DD8}.Test|x64.ActiveCfg = Debug GDC|Win32
		{E2073B79-635A-48FA-A5A3-6E500D3A5DD8}.TestDebug|Win32.ActiveCfg = TestDebug|Win32
		{E2073B79-635A-48FA-A5A3-6E500D3A5DD8}.TestDebug|Win32.Build.0 = TestDebug|Win32
		{E2073B79-635A-48FA-A5A3-6E500D3A5DD8}.TestDebug|x64.ActiveCfg = TestDebug|x64
		{2F75431E-B8DB-4231-AAC1-EA68D06A22E6}.Debug COFF32|Win32.ActiveCfg = Debug COFF32|Win32
		{2F75431E-B8DB-4231-AAC1-EA68D06A22E6}.Debug COFF32|Win32.Build.0 = Debug COFF32|Win32
		{2F75431E-B8DB-4231-AAC1-EA68D06A22E6}.Debug COFF32|x64.ActiveCfg = Debug COFF32|x64
		{2F75431E-B8DB-4231-AAC1-EA68D06A22E6}.Debug COFF32|x64.Build.0 = Debug COFF32|x64
		{2F75431E-B8DB-4231-AAC1-EA68D06A22E6}.Debug GDC|Win32.ActiveCfg = Debug GDC|Win32
		{2F75431E-B8DB-4231-AAC1-EA68D06A22E6}.Debug GDC|Win32.Build.0 = Debug GDC|Win32
		{2F75431E-B8DB-4231-AAC1-EA68D06A22E6}.Debug GDC|x64.ActiveCfg = Debug GDC|x64
		{2F75431E-B8DB-4231-AAC1-EA68D06A22E6}.Debug GDC|x64.Build.0 = Debug GDC|x64
		{2F75431E-B8DB-4231-AAC1-EA68D06A22E6}.Debug LDC ARM|Win32.ActiveCfg = Debug LDC ARM|Win32
		{2F75431E-B8DB-4231-AAC1-EA68D06A22E6}.Debug LDC ARM|Win32.Build.0 = Debug LDC ARM|Win32
		{2F75431E-B8DB-4231-AAC1-EA68D06A22E6}.Debug LDC ARM|x64.ActiveCfg = Debug LDC ARM|x64
		{2F75431E-B8DB-4231-AAC1-EA68D06A22E6}.Debug LDC ARM|x64.Build.0 = Debug LDC ARM|x64
		{2F75431E-B8DB-4231-AAC1-EA68D06A22E6}.Debug LDC|Win32.ActiveCfg = Debug LDC|Win32
		{2F75431E-B8DB-4231-AAC1-EA68D06A22E6}.Debug LDC|Win32.Build.0 = Debug LDC|Win32
		{2F75431E-B8DB-4231-AAC1-EA68D06A22E6}.Debug LDC|x64.ActiveCfg = Debug LDC|x64
		{2F75431E-B8DB-4231-AAC1-EA68D06A22E6}.Debug LDC|x64.Build.0 = Debug LDC|x64
		{2F75431E-B8DB-4231-AAC1-EA68D06A22E6}.Debug OMF|Win32.ActiveCfg = Debug|Win32
		{2F75431E-B8DB-4231-AAC1-EA68D06A22E6}.Debug OMF|Win32.Build.0 = Debug|Win32
		{2F75431E-B8DB-4231-AAC1-EA68D06A22E6}.Debug OMF|x64.ActiveCfg = Debug|x64
		{2F75431E-B8DB-4231-AAC1-EA68D06A22E6}.Debug OMF|x64.Build.0 = Debug|x64
		{2F75431E-B8DB-4231-AAC1-EA68D06A22E6}.Debug|Win32.ActiveCfg = Debug|Win32
		{2F75431E-B8DB-4231-AAC1-EA68D06A22E6}.Debug|Win32.Build.0 = Debug|Win32
		{2F75431E-B8DB-4231-AAC1-EA68D06A22E6}.Debug|x64.ActiveCfg = Debug|x64
		{2F75431E-B8DB-4231-AAC1-EA68D06A22E6}.Debug|x64.Build.0 = Debug|x64
		{2F75431E-B8DB-4231-AAC1-EA68D06A22E6}.Release COFF32|Win32.ActiveCfg = Release COFF32|Win32
		{2F75431E-B8DB-4231-AAC1-EA68D06A22E6}.Release COFF32|Win32.Build.0 = Release COFF32|Win32
		{2F75431E-B8DB-4231-AAC1-EA68D06A22E6}.Release COFF32|x64.ActiveCfg = Release COFF32|x64
		{2F75431E-B8DB-4231-AAC1-EA68D06A22E6}.Release COFF32|x64.Build.0 = Release COFF32|x64
		{2F75431E-B8DB-4231-AAC1-EA68D06A22E6}.Release LDC ARM|Win32.ActiveCfg = Debug LDC ARM|Win32
		{2F75431E-B8DB-4231-AAC1-EA68D06A22E6}.Release LDC ARM|Win32.Build.0 = Debug LDC ARM|Win32
		{2F75431E-B8DB-4231-AAC1-EA68D06A22E6}.Release LDC ARM|x64.ActiveCfg = Release LDC ARM|x64
		{2F75431E-B8DB-4231-AAC1-EA68D06A22E6}.Release LDC ARM|x64.Build.0 = Release LDC ARM|x64
		{2F75431E-B8DB-4231-AAC1-EA68D06A22E6}.Release LDC|Win32.ActiveCfg = Release LDC|Win32
		{2F75431E-B8DB-4231-AAC1-EA68D06A22E6}.Release LDC|Win32.Build.0 = Release LDC|Win32
		{2F75431E-B8DB-4231-AAC1-EA68D06A22E6}.Release LDC|x64.ActiveCfg = Release LDC|x64
		{2F75431E-B8DB-4231-AAC1-EA68D06A22E6}.Release LDC|x64.Build.0 = Release LDC|x64
		{2F75431E-B8DB-4231-AAC1-EA68D06A22E6}.Release OMF|Win32.ActiveCfg = Release|Win32
		{2F75431E-B8DB-4231-AAC1-EA68D06A22E6}.Release OMF|Win32.Build.0 = Release|Win32
		{2F75431E-B8DB-4231-AAC1-EA68D06A22E6}.Release OMF|x64.ActiveCfg = Release|x64
		{2F75431E-B8DB-4231-AAC1-EA68D06A22E6}.Release OMF|x64.Build.0 = Release|x64
		{2F75431E-B8DB-4231-AAC1-EA68D06A22E6}.Release|Win32.ActiveCfg = Release|Win32
		{2F75431E-B8DB-4231-AAC1-EA68D06A22E6}.Release|Win32.Build.0 = Release|Win32
		{2F75431E-B8DB-4231-AAC1-EA68D06A22E6}.Release|x64.ActiveCfg = Release|x64
		{2F75431E-B8DB-4231-AAC1-EA68D06A22E6}.Release|x64.Build.0 = Release|x64
		{2F75431E-B8DB-4231-AAC1-EA68D06A22E6}.Test|Win32.ActiveCfg = Release|Win32
		{2F75431E-B8DB-4231-AAC1-EA68D06A22E6}.Test|x64.ActiveCfg = Debug|x64
		{2F75431E-B8DB-4231-AAC1-EA68D06A22E6}.Test|x64.Build.0 = Debug|x64
		{2F75431E-B8DB-4231-AAC1-EA68D06A22E6}.TestDebug|Win32.ActiveCfg = Debug|Win32
		{2F75431E-B8DB-4231-AAC1-EA68D06A22E6}.TestDebug|x64.ActiveCfg = Debug|x64
		{2F75431E-B8DB-4231-AAC1-EA68D06A22E6}.TestDebug|x64.Build.0 = Debug|x64
		{CD26A145-F663-473D-8908-0254FE377D48}.Debug COFF32|Win32.ActiveCfg = Debug COFF32|Win32
		{CD26A145-F663-473D-8908-0254FE377D48}.Debug COFF32|Win32.Build.0 = Debug COFF32|Win32
		{CD26A145-F663-473D-8908-0254FE377D48}.Debug COFF32|x64.ActiveCfg = Debug COFF32|x64
		{CD26A145-F663-473D-8908-0254FE377D48}.Debug COFF32|x64.Build.0 = Debug COFF32|x64
		{CD26A145-F663-473D-8908-0254FE377D48}.Debug GDC|Win32.ActiveCfg = Debug|Win32
		{CD26A145-F663-473D-8908-0254FE377D48}.Debug GDC|Win32.Build.0 = Debug|Win32
		{CD26A145-F663-473D-8908-0254FE377D48}.Debug GDC|x64.ActiveCfg = Debug|Win32
		{CD26A145-F663-473D-8908-0254FE377D48}.Debug LDC ARM|Win32.ActiveCfg = Debug LDC ARM|Win32
		{CD26A145-F663-473D-8908-0254FE377D48}.Debug LDC ARM|Win32.Build.0 = Debug LDC ARM|Win32
		{CD26A145-F663-473D-8908-0254FE377D48}.Debug LDC ARM|x64.ActiveCfg = Debug LDC|x64
		{CD26A145-F663-473D-8908-0254FE377D48}.Debug LDC ARM|x64.Build.0 = Debug LDC|x64
		{CD26A145-F663-473D-8908-0254FE377D48}.Debug LDC|Win32.ActiveCfg = Debug|Win32
		{CD26A145-F663-473D-8908-0254FE377D48}.Debug LDC|Win32.Build.0 = Debug|Win32
		{CD26A145-F663-473D-8908-0254FE377D48}.Debug LDC|x64.ActiveCfg = Debug LDC|x64
		{CD26A145-F663-473D-8908-0254FE377D48}.Debug LDC|x64.Build.0 = Debug LDC|x64
		{CD26A145-F663-473D-8908-0254FE377D48}.Debug OMF|Win32.ActiveCfg = Debug|Win32
		{CD26A145-F663-473D-8908-0254FE377D48}.Debug OMF|Win32.Build.0 = Debug|Win32
		{CD26A145-F663-473D-8908-0254FE377D48}.Debug OMF|x64.ActiveCfg = Debug|Win32
		{CD26A145-F663-473D-8908-0254FE377D48}.Debug|Win32.ActiveCfg = Debug|Win32
		{CD26A145-F663-473D-8908-0254FE377D48}.Debug|Win32.Build.0 = Debug|Win32
		{CD26A145-F663-473D-8908-0254FE377D48}.Debug|x64.ActiveCfg = Debug|Win32
		{CD26A145-F663-473D-8908-0254FE377D48}.Release COFF32|Win32.ActiveCfg = Release COFF32|Win32
		{CD26A145-F663-473D-8908-0254FE377D48}.Release COFF32|Win32.Build.0 = Release COFF32|Win32
		{CD26A145-F663-473D-8908-0254FE377D48}.Release COFF32|x64.ActiveCfg = Release COFF32|x64
		{CD26A145-F663-473D-8908-0254FE377D48}.Release COFF32|x64.Build.0 = Release COFF32|x64
		{CD26A145-F663-473D-8908-0254FE377D48}.Release LDC ARM|Win32.ActiveCfg = Debug LDC ARM|Win32
		{CD26A145-F663-473D-8908-0254FE377D48}.Release LDC ARM|Win32.Build.0 = Debug LDC ARM|Win32
		{CD26A145-F663-473D-8908-0254FE377D48}.Release LDC ARM|x64.ActiveCfg = Release LDC|x64
		{CD26A145-F663-473D-8908-0254FE377D48}.Release LDC ARM|x64.Build.0 = Release LDC|x64
		{CD26A145-F663-473D-8908-0254FE377D48}.Release LDC|Win32.ActiveCfg = Release LDC|Win32
		{CD26A145-F663-473D-8908-0254FE377D48}.Release LDC|Win32.Build.0 = Release LDC|Win32
		{CD26A145-F663-473D-8908-0254FE377D48}.Release LDC|x64.ActiveCfg = Release COFF32|x64
		{CD26A145-F663-473D-8908-0254FE377D48}.Release LDC|x64.Build.0 = Release COFF32|x64
		{CD26A145-F663-473D-8908-0254FE377D48}.Release OMF|Win32.ActiveCfg = Release|Win32
		{CD26A145-F663-473D-8908-0254FE377D48}.Release OMF|Win32.Build.0 = Release|Win32
		{CD26A145-F663-473D-8908-0254FE377D48}.Release OMF|x64.ActiveCfg = Release|Win32
		{CD26A145-F663-473D-8908-0254FE377D48}.Release|Win32.ActiveCfg = Release|Win32
		{CD26A145-F663-473D-8908-0254FE377D48}.Release|Win32.Build.0 = Release|Win32
		{CD26A145-F663-473D-8908-0254FE377D48}.Release|x64.ActiveCfg = Release|Win32
		{CD26A145-F663-473D-8908-0254FE377D48}.Test|Win32.ActiveCfg = Release|Win32
		{CD26A145-F663-473D-8908-0254FE377D48}.Test|Win32.Build.0 = Release|Win32
		{CD26A145-F663-473D-8908-0254FE377D48}.Test|x64.ActiveCfg = Release|Win32
		{CD26A145-F663-473D-8908-0254FE377D48}.TestDebug|Win32.ActiveCfg = TestDebug|Win32
		{CD26A145-F663-473D-8908-0254FE377D48}.TestDebug|Win32.Build.0 = TestDebug|Win32
		{CD26A145-F663-473D-8908-0254FE377D48}.TestDebug|x64.ActiveCfg = Debug|Win32
		{34289BD7-AB7E-4264-B146-8139DDE9F0BF}.Debug COFF32|Win32.ActiveCfg = Debug COFF32|Win32
		{34289BD7-AB7E-4264-B146-8139DDE9F0BF}.Debug COFF32|Win32.Build.0 = Debug COFF32|Win32
		{34289BD7-AB7E-4264-B146-8139DDE9F0BF}.Debug COFF32|x64.ActiveCfg = Debug COFF32|x64
		{34289BD7-AB7E-4264-B146-8139DDE9F0BF}.Debug COFF32|x64.Build.0 = Debug COFF32|x64
		{34289BD7-AB7E-4264-B146-8139DDE9F0BF}.Debug GDC|Win32.ActiveCfg = Debug|Win32
		{34289BD7-AB7E-4264-B146-8139DDE9F0BF}.Debug GDC|Win32.Build.0 = Debug|Win32
		{34289BD7-AB7E-4264-B146-8139DDE9F0BF}.Debug GDC|x64.ActiveCfg = Debug|x64
		{34289BD7-AB7E-4264-B146-8139DDE9F0BF}.Debug GDC|x64.Build.0 = Debug|x64
		{34289BD7-AB7E-4264-B146-8139DDE9F0BF}.Debug LDC ARM|Win32.ActiveCfg = Debug LDC ARM|Win32
		{34289BD7-AB7E-4264-B146-8139DDE9F0BF}.Debug LDC ARM|Win32.Build.0 = Debug LDC ARM|Win32
		{34289BD7-AB7E-4264-B146-8139DDE9F0BF}.Debug LDC ARM|x64.ActiveCfg = Debug LDC ARM|x64
		{34289BD7-AB7E-4264-B146-8139DDE9F0BF}.Debug LDC ARM|x64.Build.0 = Debug LDC ARM|x64
		{34289BD7-AB7E-4264-B146-8139DDE9F0BF}.Debug LDC|Win32.ActiveCfg = Debug|Win32
		{34289BD7-AB7E-4264-B146-8139DDE9F0BF}.Debug LDC|Win32.Build.0 = Debug|Win32
		{34289BD7-AB7E-4264-B146-8139DDE9F0BF}.Debug LDC|x64.ActiveCfg = Debug LDC|x64
		{34289BD7-AB7E-4264-B146-8139DDE9F0BF}.Debug LDC|x64.Build.0 = Debug LDC|x64
		{34289BD7-AB7E-4264-B146-8139DDE9F0BF}.Debug OMF|Win32.ActiveCfg = Debug|Win32
		{34289BD7-AB7E-4264-B146-8139DDE9F0BF}.Debug OMF|Win32.Build.0 = Debug|Win32
		{34289BD7-AB7E-4264-B146-8139DDE9F0BF}.Debug OMF|x64.ActiveCfg = Debug|x64
		{34289BD7-AB7E-4264-B146-8139DDE9F0BF}.Debug OMF|x64.Build.0 = Debug|x64
		{34289BD7-AB7E-4264-B146-8139DDE9F0BF}.Debug|Win32.ActiveCfg = Debug|Win32
		{34289BD7-AB7E-4264-B146-8139DDE9F0BF}.Debug|Win32.Build.0 = Debug|Win32
		{34289BD7-AB7E-4264-B146-8139DDE9F0BF}.Debug|x64.ActiveCfg = Debug|x64
		{34289BD7-AB7E-4264-B146-8139DDE9F0BF}.Debug|x64.Build.0 = Debug|x64
		{34289BD7-AB7E-4264-B146-8139DDE9F0BF}.Release COFF32|Win32.ActiveCfg = Release COFF32|Win32
		{34289BD7-AB7E-4264-B146-8139DDE9F0BF}.Release COFF32|Win32.Build.0 = Release COFF32|Win32
		{34289BD7-AB7E-4264-B146-8139DDE9F0BF}.Release COFF32|x64.ActiveCfg = Release COFF32|x64
		{34289BD7-AB7E-4264-B146-8139DDE9F0BF}.Release COFF32|x64.Build.0 = Release COFF32|x64
		{34289BD7-AB7E-4264-B146-8139DDE9F0BF}.Release LDC ARM|Win32.ActiveCfg = Debug LDC ARM|Win32
		{34289BD7-AB7E-4264-B146-8139DDE9F0BF}.Release LDC ARM|Win32.Build.0 = Debug LDC ARM|Win32
		{34289BD7-AB7E-4264-B146-8139DDE9F0BF}.Release LDC ARM|x64.ActiveCfg = Release LDC ARM|x64
		{34289BD7-AB7E-4264-B146-8139DDE9F0BF}.Release LDC ARM|x64.Build.0 = Release LDC ARM|x64
		{34289BD7-AB7E-4264-B146-8139DDE9F0BF}.Release LDC|Win32.ActiveCfg = Release LDC|Win32
		{34289BD7-AB7E-4264-B146-8139DDE9F0BF}.Release LDC|Win32.Build.0 = Release LDC|Win32
		{34289BD7-AB7E-4264-B146-8139DDE9F0BF}.Release LDC|x64.ActiveCfg = Release LDC|x64
		{34289BD7-AB7E-4264-B146-8139DDE9F0BF}.Release LDC|x64.Build.0 = Release LDC|x64
		{34289BD7-AB7E-4264-B146-8139DDE9F0BF}.Release OMF|Win32.ActiveCfg = Release|Win32
		{34289BD7-AB7E-4264-B146-8139DDE9F0BF}.Release OMF|Win32.Build.0 = Release|Win32
		{34289BD7-AB7E-4264-B146-8139DDE9F0BF}.Release OMF|x64.ActiveCfg = Release|x64
		{34289BD7-AB7E-4264-B146-8139DDE9F0BF}.Release OMF|x64.Build.0 = Release|x64
		{34289BD7-AB7E-4264-B146-8139DDE9F0BF}.Release|Win32.ActiveCfg = Release|Win32
		{34289BD7-AB7E-4264-B146-8139DDE9F0BF}.Release|Win32.Build.0 = Release|Win32
		{34289BD7-AB7E-4264-B146-8139DDE9F0BF}.Release|x64.ActiveCfg = Release|x64
		{34289BD7-AB7E-4264-B146-8139DDE9F0BF}.Release|x64.Build.0 = Release|x64
		{34289BD7-AB7E-4264-B146-8139DDE9F0BF}.Test|Win32.ActiveCfg = Release|Win32
		{34289BD7-AB7E-4264-B146-8139DDE9F0BF}.Test|Win32.Build.0 = Release|Win32
		{34289BD7-AB7E-4264-B146-8139DDE9F0BF}.Test|x64.ActiveCfg = Release|x64
		{34289BD7-AB7E-4264-B146-8139DDE9F0BF}.Test|x64.Build.0 = Release|x64
		{34289BD7-AB7E-4264-B146-8139DDE9F0BF}.TestDebug|Win32.ActiveCfg = TestDebug|Win32
		{34289BD7-AB7E-4264-B146-8139DDE9F0BF}.TestDebug|Win32.Build.0 = TestDebug|Win32
		{34289BD7-AB7E-4264-B146-8139DDE9F0BF}.TestDebug|x64.ActiveCfg = TestDebug|x64
		{34289BD7-AB7E-4264-B146-8139DDE9F0BF}.TestDebug|x64.Build.0 = TestDebug|x64
		{8EC6179A-7BBA-4555-B384-3B19D3BB7028}.Debug COFF32|Win32.ActiveCfg = Debug COFF32|Win32
		{8EC6179A-7BBA-4555-B384-3B19D3BB7028}.Debug COFF32|Win32.Build.0 = Debug COFF32|Win32
		{8EC6179A-7BBA-4555-B384-3B19D3BB7028}.Debug COFF32|x64.ActiveCfg = Debug COFF32|x64
		{8EC6179A-7BBA-4555-B384-3B19D3BB7028}.Debug COFF32|x64.Build.0 = Debug COFF32|x64
		{8EC6179A-7BBA-4555-B384-3B19D3BB7028}.Debug GDC|Win32.ActiveCfg = Debug|Win32
		{8EC6179A-7BBA-4555-B384-3B19D3BB7028}.Debug GDC|Win32.Build.0 = Debug|Win32
		{8EC6179A-7BBA-4555-B384-3B19D3BB7028}.Debug GDC|x64.ActiveCfg = Debug|x64
		{8EC6179A-7BBA-4555-B384-3B19D3BB7028}.Debug GDC|x64.Build.0 = Debug|x64
		{8EC6179A-7BBA-4555-B384-3B19D3BB7028}.Debug LDC ARM|Win32.ActiveCfg = Debug LDC ARM|Win32
		{8EC6179A-7BBA-4555-B384-3B19D3BB7028}.Debug LDC ARM|Win32.Build.0 = Debug LDC ARM|Win32
		{8EC6179A-7BBA-4555-B384-3B19D3BB7028}.Debug LDC ARM|x64.ActiveCfg = Debug LDC ARM|x64
		{8EC6179A-7BBA-4555-B384-3B19D3BB7028}.Debug LDC ARM|x64.Build.0 = Debug LDC ARM|x64
		{8EC6179A-7BBA-4555-B384-3B19D3BB7028}.Debug LDC|Win32.ActiveCfg = Debug|Win32
		{8EC6179A-7BBA-4555-B384-3B19D3BB7028}.Debug LDC|Win32.Build.0 = Debug|Win32
		{8EC6179A-7BBA-4555-B384-3B19D3BB7028}.Debug LDC|x64.ActiveCfg = Debug LDC|x64
		{8EC6179A-7BBA-4555-B384-3B19D3BB7028}.Debug LDC|x64.Build.0 = Debug LDC|x64
		{8EC6179A-7BBA-4555-B384-3B19D3BB7028}.Debug OMF|Win32.ActiveCfg = Debug|Win32
		{8EC6179A-7BBA-4555-B384-3B19D3BB7028}.Debug OMF|Win32.Build.0 = Debug|Win32
		{8EC6179A-7BBA-4555-B384-3B19D3BB7028}.Debug OMF|x64.ActiveCfg = Debug|x64
		{8EC6179A-7BBA-4555-B384-3B19D3BB7028}.Debug OMF|x64.Build.0 = Debug|x64
		{8EC6179A-7BBA-4555-B384-3B19D3BB7028}.Debug|Win32.ActiveCfg = Debug|Win32
		{8EC6179A-7BBA-4555-B384-3B19D3BB7028}.Debug|Win32.Build.0 = Debug|Win32
		{8EC6179A-7BBA-4555-B384-3B19D3BB7028}.Debug|x64.ActiveCfg = Debug|x64
		{8EC6179A-7BBA-4555-B384-3B19D3BB7028}.Debug|x64.Build.0 = Debug|x64
		{8EC6179A-7BBA-4555-B384-3B19D3BB7028}.Release COFF32|Win32.ActiveCfg = Release COFF32|Win32
		{8EC6179A-7BBA-4555-B384-3B19D3BB7028}.Release COFF32|Win32.Build.0 = Release COFF32|Win32
		{8EC6179A-7BBA-4555-B384-3B19D3BB7028}.Release COFF32|x64.ActiveCfg = Release COFF32|x64
		{8EC6179A-7BBA-4555-B384-3B19D3BB7028}.Release COFF32|x64.Build.0 = Release COFF32|x64
		{8EC6179A-7BBA-4555-B384-3B19D3BB7028}.Release LDC ARM|Win32.ActiveCfg = Debug LDC ARM|Win32
		{8EC6179A-7BBA-4555-B384-3B19D3BB7028}.Release LDC ARM|Win32.Build.0 = Debug LDC ARM|Win32
		{8EC6179A-7BBA-4555-B384-3B19D3BB7028}.Release LDC ARM|x64.ActiveCfg = Release LDC ARM|x64
		{8EC6179A-7BBA-4555-B384-3B19D3BB7028}.Release LDC ARM|x64.Build.0 = Release LDC ARM|x64
		{8EC6179A-7BBA-4555-B384-3B19D3BB7028}.Release LDC|Win32.ActiveCfg = Release|Win32
		{8EC6179A-7BBA-4555-B384-3B19D3BB7028}.Release LDC|Win32.Build.0 = Release|Win32
		{8EC6179A-7BBA-4555-B384-3B19D3BB7028}.Release LDC|x64.ActiveCfg = Release LDC|x64
		{8EC6179A-7BBA-4555-B384-3B19D3BB7028}.Release LDC|x64.Build.0 = Release LDC|x64
		{8EC6179A-7BBA-4555-B384-3B19D3BB7028}.Release OMF|Win32.ActiveCfg = Release|Win32
		{8EC6179A-7BBA-4555-B384-3B19D3BB7028}.Release OMF|Win32.Build.0 = Release|Win32
		{8EC6179A-7BBA-4555-B384-3B19D3BB7028}.Release OMF|x64.ActiveCfg = Release|x64
		{8EC6179A-7BBA-4555-B384-3B19D3BB7028}.Release OMF|x64.Build.0 = Release|x64
		{8EC6179A-7BBA-4555-B384-3B19D3BB7028}.Release|Win32.ActiveCfg = Release|Win32
		{8EC6179A-7BBA-4555-B384-3B19D3BB7028}.Release|Win32.Build.0 = Release|Win32
		{8EC6179A-7BBA-4555-B384-3B19D3BB7028}.Release|x64.ActiveCfg = Release|x64
		{8EC6179A-7BBA-4555-B384-3B19D3BB7028}.Release|x64.Build.0 = Release|x64
		{8EC6179A-7BBA-4555-B384-3B19D3BB7028}.Test|Win32.ActiveCfg = Debug|Win32
		{8EC6179A-7BBA-4555-B384-3B19D3BB7028}.Test|Win32.Build.0 = Debug|Win32
		{8EC6179A-7BBA-4555-B384-3B19D3BB7028}.Test|x64.ActiveCfg = Debug|x64
		{8EC6179A-7BBA-4555-B384-3B19D3BB7028}.Test|x64.Build.0 = Debug|x64
		{8EC6179A-7BBA-4555-B384-3B19D3BB7028}.TestDebug|Win32.ActiveCfg = TestDebug|Win32
		{8EC6179A-7BBA-4555-B384-3B19D3BB7028}.TestDebug|Win32.Build.0 = TestDebug|Win32
		{8EC6179A-7BBA-4555-B384-3B19D3BB7028}.TestDebug|x64.ActiveCfg = Debug|x64
		{8EC6179A-7BBA-4555-B384-3B19D3BB7028}.TestDebug|x64.Build.0 = Debug|x64
	EndGlobalSection
	GlobalSection(SolutionProperties) = preSolution
		HideSolutionNode = FALSE
	EndGlobalSection
	GlobalSection(NestedProjects) = preSolution
		{832B817E-DCF9-46DC-8440-6418B93E62B6} = {2BD51E62-6604-48AE-9E01-C940C0CA1C68}
		{342DCC0D-9F76-4AFE-B2BF-4FEFEB438D17} = {2BD51E62-6604-48AE-9E01-C940C0CA1C68}
		{36148913-8F44-4286-865F-7B140456DA36} = {2BD51E62-6604-48AE-9E01-C940C0CA1C68}
		{38FEE953-9826-4DDB-8BE3-6DAB8E71AC66} = {2BD51E62-6604-48AE-9E01-C940C0CA1C68}
		{B7673E1D-73AC-458B-BC59-0EBDBFCBF7AA} = {38FEE953-9826-4DDB-8BE3-6DAB8E71AC66}
		{6C5387E8-CF11-443A-88BD-CA6DCA80E755} = {38FEE953-9826-4DDB-8BE3-6DAB8E71AC66}
		{AB498803-493D-4FB4-9FB1-9CEF0E628CE9} = {6C5387E8-CF11-443A-88BD-CA6DCA80E755}
		{7F391DE3-9620-4A98-B05D-4181924A9D15} = {342DCC0D-9F76-4AFE-B2BF-4FEFEB438D17}
		{AC054091-8D8F-4393-B3C5-AB67980B80EE} = {832B817E-DCF9-46DC-8440-6418B93E62B6}
		{068889F6-165E-494B-95D6-9C4695EE9D45} = {AC054091-8D8F-4393-B3C5-AB67980B80EE}
		{600531C5-7627-446A-8D27-89E3035EDCB8} = {6FDF165B-4643-4059-8B50-70B6E4A2D99C}
		{9C02AC6A-14BD-4CCD-BA76-359E5C453992} = {17F86FF0-1B24-43B7-957F-B0066A98FD13}
		{4DD1B584-C5F5-4F56-80C1-F787B781BC47} = {9D445645-F988-4712-B7DA-EE20993217CF}
		{E6961BD5-09B1-4148-A99D-8239CD28AF3D} = {17F86FF0-1B24-43B7-957F-B0066A98FD13}
		{931771D1-7CA4-42C7-8BB0-5742B914FF27} = {48291A62-1094-4BEC-9B13-8FD8E8358022}
		{44DD3FFB-474A-4291-A854-B880166DE1E8} = {48291A62-1094-4BEC-9B13-8FD8E8358022}
		{3624E57E-5E42-499F-A5F4-A709A1F39679} = {48291A62-1094-4BEC-9B13-8FD8E8358022}
		{B21F226C-EED0-4FE1-ACD7-4C8ADE029690} = {C7F6CF4C-DB41-492C-9AD2-AA1001A389B0}
		{244B9B41-B45F-4617-847C-06AF16B81587} = {AC054091-8D8F-4393-B3C5-AB67980B80EE}
		{9D445645-F988-4712-B7DA-EE20993217CF} = {48291A62-1094-4BEC-9B13-8FD8E8358022}
		{B12B215A-1E8C-49A7-8506-638D5F77B8CD} = {48291A62-1094-4BEC-9B13-8FD8E8358022}
		{79B19844-890F-4723-ACFD-398E20EC888A} = {48291A62-1094-4BEC-9B13-8FD8E8358022}
		{1F473A70-B5E1-4D56-A9F3-E87D69886621} = {AC054091-8D8F-4393-B3C5-AB67980B80EE}
		{64E623A0-2378-4DDA-979E-9E0C2E20EB41} = {C7F6CF4C-DB41-492C-9AD2-AA1001A389B0}
		{141CC6E2-473A-4BF8-A0D5-68DF367ECBC3} = {48291A62-1094-4BEC-9B13-8FD8E8358022}
		{17F86FF0-1B24-43B7-957F-B0066A98FD13} = {C7F6CF4C-DB41-492C-9AD2-AA1001A389B0}
		{179DD4F8-C93E-4617-B5CF-A25DBEA13F85} = {9D445645-F988-4712-B7DA-EE20993217CF}
		{EC52C2EA-80D0-4688-BA51-81578C88C17C} = {AC054091-8D8F-4393-B3C5-AB67980B80EE}
		{48291A62-1094-4BEC-9B13-8FD8E8358022} = {AC054091-8D8F-4393-B3C5-AB67980B80EE}
		{E09C1BAF-1B29-48C3-9796-C55517D240CF} = {48291A62-1094-4BEC-9B13-8FD8E8358022}
		{C7F6CF4C-DB41-492C-9AD2-AA1001A389B0} = {AC054091-8D8F-4393-B3C5-AB67980B80EE}
		{6DE93AA1-4EBB-40DF-8C3D-6B060F2F045A} = {1F473A70-B5E1-4D56-A9F3-E87D69886621}
		{6FDF165B-4643-4059-8B50-70B6E4A2D99C} = {AC054091-8D8F-4393-B3C5-AB67980B80EE}
		{1F0F6731-D58B-4F54-A330-C4C1011F76EE} = {AC054091-8D8F-4393-B3C5-AB67980B80EE}
		{BDE81C48-A33E-4852-A49F-AD0080C4B400} = {7F391DE3-9620-4A98-B05D-4181924A9D15}
		{8A87ACE9-7B7C-4BC6-B9BD-3664429A8A5E} = {7F391DE3-9620-4A98-B05D-4181924A9D15}
	EndGlobalSection
	GlobalSection(ExtensibilityGlobals) = postSolution
		SolutionGuid = {BAF35E81-511D-4170-B7D0-594E5DE3886A}
	EndGlobalSection
EndGlobal
