
Microsoft Visual Studio Solution File, Format Version 12.00
# Visual Studio 2013
VisualStudioVersion = 12.0.31101.0
MinimumVisualStudioVersion = 10.0.40219.1
Project("{2150E333-8FDC-42A3-9474-1A3956D46DE8}") = "Solution Items", "Solution Items", "{2BD51E62-6604-48AE-9E01-C940C0CA1C68}"
	ProjectSection(SolutionItems) = preProject
		CHANGES = CHANGES
		LICENSE_1_0.txt = LICENSE_1_0.txt
		Makefile = Makefile
		README.md = README.md
		TODO = TODO
		VERSION = VERSION
	EndProjectSection
EndProject
Project("{002A2DE9-8BB6-484D-9802-7E4AD4084715}") = "VisualD", "visuald\visuald.visualdproj", "{7610F45A-69D9-4B68-BE63-0E055B51D447}"
	ProjectSection(ProjectDependencies) = postProject
		{32872753-4812-40DA-9B24-1C2114621E78} = {32872753-4812-40DA-9B24-1C2114621E78}
		{E2073B79-635A-48FA-A5A3-6E760D3A5DD8} = {E2073B79-635A-48FA-A5A3-6E760D3A5DD8}
		{2070DF9A-6D80-4E3C-950A-C1BBA1B20F4D} = {2070DF9A-6D80-4E3C-950A-C1BBA1B20F4D}
		{FE3A959D-6CFA-43BF-8637-62125B571770} = {FE3A959D-6CFA-43BF-8637-62125B571770}
	EndProjectSection
EndProject
Project("{002A2DE9-8BB6-484D-9802-7E4AD4084715}") = "vsi", "sdk\vsi.visualdproj", "{32872753-4812-40DA-9B24-1C2114621E78}"
EndProject
Project("{002A2DE9-8BB6-484D-9802-7E4AD4084715}") = "vsi2d", "c2d\vsi2d.visualdproj", "{8760F45A-69D9-4B68-BE63-0E055B51D447}"
	ProjectSection(ProjectDependencies) = postProject
		{E2073B79-635A-48FA-A5A3-6E760D3A5DD8} = {E2073B79-635A-48FA-A5A3-6E760D3A5DD8}
	EndProjectSection
EndProject
Project("{002A2DE9-8BB6-484D-9802-7E4AD4084715}") = "parser", "vdc\parser.visualdproj", "{FE3A959D-6CFA-43BF-8637-62125B571770}"
EndProject
Project("{002A2DE9-8BB6-484D-9802-7E4AD4084715}") = "stdext", "stdext\stdext.visualdproj", "{2070DF9A-6D80-4E3C-950A-C1BBA1B20F4D}"
EndProject
Project("{002A2DE9-8BB6-484D-9802-7E4AD4084715}") = "c2d", "c2d\c2d.visualdproj", "{E2073B79-635A-48FA-A5A3-6E760D3A5DD8}"
EndProject
Project("{002A2DE9-8BB6-484D-9802-7E4AD4084715}") = "cpp2d", "c2d\cpp2d.visualdproj", "{E2073B79-635A-48FA-A5A3-6E500D3A5DD8}"
	ProjectSection(ProjectDependencies) = postProject
		{32872753-4812-40DA-9B24-1C2114621E78} = {32872753-4812-40DA-9B24-1C2114621E78}
		{E2073B79-635A-48FA-A5A3-6E760D3A5DD8} = {E2073B79-635A-48FA-A5A3-6E760D3A5DD8}
		{2070DF9A-6D80-4E3C-950A-C1BBA1B20F4D} = {2070DF9A-6D80-4E3C-950A-C1BBA1B20F4D}
	EndProjectSection
EndProject
Project("{002A2DE9-8BB6-484D-9802-7E4AD4084715}") = "vdserver", "vdc\vdserver.visualdproj", "{2F75431E-B8DB-4231-AAC1-EA68D06A22E6}"
	ProjectSection(ProjectDependencies) = postProject
		{32872753-4812-40DA-9B24-1C2114621E78} = {32872753-4812-40DA-9B24-1C2114621E78}
		{2070DF9A-6D80-4E3C-950A-C1BBA1B20F4D} = {2070DF9A-6D80-4E3C-950A-C1BBA1B20F4D}
		{FE3A959D-6CFA-43BF-8637-62125B571770} = {FE3A959D-6CFA-43BF-8637-62125B571770}
	EndProjectSection
EndProject
Project("{2150E333-8FDC-42A3-9474-1A3956D46DE8}") = "visuald", "visuald", "{832B817E-DCF9-46DC-8440-6418B93E62B6}"
	ProjectSection(SolutionItems) = preProject
		visuald\Makefile = visuald\Makefile
	EndProjectSection
EndProject
Project("{2150E333-8FDC-42A3-9474-1A3956D46DE8}") = "nsis", "nsis", "{342DCC0D-9F76-4AFE-B2BF-4FEFEB438D17}"
	ProjectSection(SolutionItems) = preProject
		nsis\replaceinfile.nsh = nsis\replaceinfile.nsh
		nsis\uninstall_helper.nsh = nsis\uninstall_helper.nsh
		nsis\visuald.nsi = nsis\visuald.nsi
	EndProjectSection
EndProject
Project("{002A2DE9-8BB6-484D-9802-7E4AD4084715}") = "build", "build\build.visualdproj", "{CD26A145-F663-473D-8908-0254FE377D48}"
	ProjectSection(ProjectDependencies) = postProject
		{8760F45A-69D9-4B68-BE63-0E055B51D447} = {8760F45A-69D9-4B68-BE63-0E055B51D447}
	EndProjectSection
EndProject
Project("{2150E333-8FDC-42A3-9474-1A3956D46DE8}") = "doc", "doc", "{36148913-8F44-4286-865F-7B140456DA36}"
	ProjectSection(SolutionItems) = preProject
		doc\BrowseInfo.dd = doc\BrowseInfo.dd
		doc\build_doc.bat = doc\build_doc.bat
		doc\BuildFromSource.dd = doc\BuildFromSource.dd
		doc\CompileCommands.dd = doc\CompileCommands.dd
		doc\Coverage.dd = doc\Coverage.dd
		doc\CppConversion.dd = doc\CppConversion.dd
		doc\Debugging.dd = doc\Debugging.dd
		doc\dlang.org.ddoc = doc\dlang.org.ddoc
		doc\Editor.dd = doc\Editor.dd
		doc\Features.dd = doc\Features.dd
		doc\GlobalOptions.dd = doc\GlobalOptions.dd
		doc\html.ddoc = doc\html.ddoc
		doc\Installation.dd = doc\Installation.dd
		doc\KnownIssues.dd = doc\KnownIssues.dd
		doc\macros.ddoc = doc\macros.ddoc
		doc\news36.dd = doc\news36.dd
		doc\Profiling.dd = doc\Profiling.dd
		doc\ProjectConfig.dd = doc\ProjectConfig.dd
		doc\ProjectWizard.dd = doc\ProjectWizard.dd
		doc\ReportingBugs.dd = doc\ReportingBugs.dd
		doc\Search.dd = doc\Search.dd
		doc\StartPage.dd = doc\StartPage.dd
		doc\TokenReplace.dd = doc\TokenReplace.dd
		doc\VersionHistory.dd = doc\VersionHistory.dd
		doc\visuald.ddoc = doc\visuald.ddoc
	EndProjectSection
EndProject
Global
	GlobalSection(SolutionConfigurationPlatforms) = preSolution
		Debug GDC|Win32 = Debug GDC|Win32
		Debug GDC|x64 = Debug GDC|x64
		Debug LDC|Win32 = Debug LDC|Win32
		Debug LDC|x64 = Debug LDC|x64
		Debug|Win32 = Debug|Win32
		Debug|x64 = Debug|x64
		Release|Win32 = Release|Win32
		Release|x64 = Release|x64
		Test|Win32 = Test|Win32
		Test|x64 = Test|x64
		TestDebug|Win32 = TestDebug|Win32
		TestDebug|x64 = TestDebug|x64
	EndGlobalSection
	GlobalSection(ProjectConfigurationPlatforms) = postSolution
		{7610F45A-69D9-4B68-BE63-0E055B51D447}.Debug GDC|Win32.ActiveCfg = Debug|Win32
		{7610F45A-69D9-4B68-BE63-0E055B51D447}.Debug GDC|Win32.Build.0 = Debug|Win32
		{7610F45A-69D9-4B68-BE63-0E055B51D447}.Debug GDC|x64.ActiveCfg = Debug|Win32
		{7610F45A-69D9-4B68-BE63-0E055B51D447}.Debug LDC|Win32.ActiveCfg = Debug|Win32
		{7610F45A-69D9-4B68-BE63-0E055B51D447}.Debug LDC|Win32.Build.0 = Debug|Win32
		{7610F45A-69D9-4B68-BE63-0E055B51D447}.Debug LDC|x64.ActiveCfg = Debug|Win32
		{7610F45A-69D9-4B68-BE63-0E055B51D447}.Debug|Win32.ActiveCfg = Debug|Win32
		{7610F45A-69D9-4B68-BE63-0E055B51D447}.Debug|Win32.Build.0 = Debug|Win32
		{7610F45A-69D9-4B68-BE63-0E055B51D447}.Debug|x64.ActiveCfg = Debug|Win32
		{7610F45A-69D9-4B68-BE63-0E055B51D447}.Release|Win32.ActiveCfg = Release|Win32
		{7610F45A-69D9-4B68-BE63-0E055B51D447}.Release|Win32.Build.0 = Release|Win32
		{7610F45A-69D9-4B68-BE63-0E055B51D447}.Release|x64.ActiveCfg = Release|Win32
		{7610F45A-69D9-4B68-BE63-0E055B51D447}.Test|Win32.ActiveCfg = Release|Win32
		{7610F45A-69D9-4B68-BE63-0E055B51D447}.Test|x64.ActiveCfg = Release|Win32
		{7610F45A-69D9-4B68-BE63-0E055B51D447}.TestDebug|Win32.ActiveCfg = Debug|Win32
		{7610F45A-69D9-4B68-BE63-0E055B51D447}.TestDebug|x64.ActiveCfg = Debug|Win32
		{32872753-4812-40DA-9B24-1C2114621E78}.Debug GDC|Win32.ActiveCfg = Debug GDC|Win32
		{32872753-4812-40DA-9B24-1C2114621E78}.Debug GDC|Win32.Build.0 = Debug GDC|Win32
		{32872753-4812-40DA-9B24-1C2114621E78}.Debug GDC|x64.ActiveCfg = Debug GDC|x64
		{32872753-4812-40DA-9B24-1C2114621E78}.Debug GDC|x64.Build.0 = Debug GDC|x64
		{32872753-4812-40DA-9B24-1C2114621E78}.Debug LDC|Win32.ActiveCfg = Debug GDC|Win32
		{32872753-4812-40DA-9B24-1C2114621E78}.Debug LDC|Win32.Build.0 = Debug GDC|Win32
		{32872753-4812-40DA-9B24-1C2114621E78}.Debug LDC|x64.ActiveCfg = Debug LDC|x64
		{32872753-4812-40DA-9B24-1C2114621E78}.Debug LDC|x64.Build.0 = Debug LDC|x64
		{32872753-4812-40DA-9B24-1C2114621E78}.Debug|Win32.ActiveCfg = Debug|Win32
		{32872753-4812-40DA-9B24-1C2114621E78}.Debug|Win32.Build.0 = Debug|Win32
		{32872753-4812-40DA-9B24-1C2114621E78}.Debug|x64.ActiveCfg = Debug|x64
		{32872753-4812-40DA-9B24-1C2114621E78}.Debug|x64.Build.0 = Debug|x64
		{32872753-4812-40DA-9B24-1C2114621E78}.Release|Win32.ActiveCfg = Release|Win32
		{32872753-4812-40DA-9B24-1C2114621E78}.Release|Win32.Build.0 = Release|Win32
		{32872753-4812-40DA-9B24-1C2114621E78}.Release|x64.ActiveCfg = Release|x64
		{32872753-4812-40DA-9B24-1C2114621E78}.Release|x64.Build.0 = Release|x64
		{32872753-4812-40DA-9B24-1C2114621E78}.Test|Win32.ActiveCfg = Release|Win32
		{32872753-4812-40DA-9B24-1C2114621E78}.Test|Win32.Build.0 = Release|Win32
		{32872753-4812-40DA-9B24-1C2114621E78}.Test|x64.ActiveCfg = TestDebug|x64
		{32872753-4812-40DA-9B24-1C2114621E78}.Test|x64.Build.0 = TestDebug|x64
		{32872753-4812-40DA-9B24-1C2114621E78}.TestDebug|Win32.ActiveCfg = Debug|Win32
		{32872753-4812-40DA-9B24-1C2114621E78}.TestDebug|Win32.Build.0 = Debug|Win32
		{32872753-4812-40DA-9B24-1C2114621E78}.TestDebug|x64.ActiveCfg = Debug|x64
		{32872753-4812-40DA-9B24-1C2114621E78}.TestDebug|x64.Build.0 = Debug|x64
		{8760F45A-69D9-4B68-BE63-0E055B51D447}.Debug GDC|Win32.ActiveCfg = Debug GDC|Win32
		{8760F45A-69D9-4B68-BE63-0E055B51D447}.Debug GDC|Win32.Build.0 = Debug GDC|Win32
		{8760F45A-69D9-4B68-BE63-0E055B51D447}.Debug GDC|x64.ActiveCfg = Debug GDC|x64
		{8760F45A-69D9-4B68-BE63-0E055B51D447}.Debug GDC|x64.Build.0 = Debug GDC|x64
		{8760F45A-69D9-4B68-BE63-0E055B51D447}.Debug LDC|Win32.ActiveCfg = Debug GDC|Win32
		{8760F45A-69D9-4B68-BE63-0E055B51D447}.Debug LDC|Win32.Build.0 = Debug GDC|Win32
		{8760F45A-69D9-4B68-BE63-0E055B51D447}.Debug LDC|x64.ActiveCfg = Debug LDC|x64
		{8760F45A-69D9-4B68-BE63-0E055B51D447}.Debug LDC|x64.Build.0 = Debug LDC|x64
		{8760F45A-69D9-4B68-BE63-0E055B51D447}.Debug|Win32.ActiveCfg = Debug|Win32
		{8760F45A-69D9-4B68-BE63-0E055B51D447}.Debug|Win32.Build.0 = Debug|Win32
		{8760F45A-69D9-4B68-BE63-0E055B51D447}.Debug|x64.ActiveCfg = Debug|x64
		{8760F45A-69D9-4B68-BE63-0E055B51D447}.Debug|x64.Build.0 = Debug|x64
		{8760F45A-69D9-4B68-BE63-0E055B51D447}.Release|Win32.ActiveCfg = Release|Win32
		{8760F45A-69D9-4B68-BE63-0E055B51D447}.Release|Win32.Build.0 = Release|Win32
		{8760F45A-69D9-4B68-BE63-0E055B51D447}.Release|x64.ActiveCfg = Release|x64
		{8760F45A-69D9-4B68-BE63-0E055B51D447}.Release|x64.Build.0 = Release|x64
		{8760F45A-69D9-4B68-BE63-0E055B51D447}.Test|Win32.ActiveCfg = Release|Win32
		{8760F45A-69D9-4B68-BE63-0E055B51D447}.Test|x64.ActiveCfg = Debug GDC|x64
		{8760F45A-69D9-4B68-BE63-0E055B51D447}.Test|x64.Build.0 = Debug GDC|x64
		{8760F45A-69D9-4B68-BE63-0E055B51D447}.TestDebug|Win32.ActiveCfg = Debug|Win32
		{8760F45A-69D9-4B68-BE63-0E055B51D447}.TestDebug|x64.ActiveCfg = Debug|x64
		{8760F45A-69D9-4B68-BE63-0E055B51D447}.TestDebug|x64.Build.0 = Debug|x64
		{FE3A959D-6CFA-43BF-8637-62125B571770}.Debug GDC|Win32.ActiveCfg = Debug GDC|Win32
		{FE3A959D-6CFA-43BF-8637-62125B571770}.Debug GDC|Win32.Build.0 = Debug GDC|Win32
		{FE3A959D-6CFA-43BF-8637-62125B571770}.Debug GDC|x64.ActiveCfg = Debug GDC|x64
		{FE3A959D-6CFA-43BF-8637-62125B571770}.Debug GDC|x64.Build.0 = Debug GDC|x64
		{FE3A959D-6CFA-43BF-8637-62125B571770}.Debug LDC|Win32.ActiveCfg = Debug GDC|Win32
		{FE3A959D-6CFA-43BF-8637-62125B571770}.Debug LDC|Win32.Build.0 = Debug GDC|Win32
		{FE3A959D-6CFA-43BF-8637-62125B571770}.Debug LDC|x64.ActiveCfg = Debug LDC|x64
		{FE3A959D-6CFA-43BF-8637-62125B571770}.Debug LDC|x64.Build.0 = Debug LDC|x64
		{FE3A959D-6CFA-43BF-8637-62125B571770}.Debug|Win32.ActiveCfg = Debug|Win32
		{FE3A959D-6CFA-43BF-8637-62125B571770}.Debug|Win32.Build.0 = Debug|Win32
		{FE3A959D-6CFA-43BF-8637-62125B571770}.Debug|x64.ActiveCfg = Debug|x64
		{FE3A959D-6CFA-43BF-8637-62125B571770}.Debug|x64.Build.0 = Debug|x64
		{FE3A959D-6CFA-43BF-8637-62125B571770}.Release|Win32.ActiveCfg = Release|Win32
		{FE3A959D-6CFA-43BF-8637-62125B571770}.Release|Win32.Build.0 = Release|Win32
		{FE3A959D-6CFA-43BF-8637-62125B571770}.Release|x64.ActiveCfg = Release|x64
		{FE3A959D-6CFA-43BF-8637-62125B571770}.Release|x64.Build.0 = Release|x64
		{FE3A959D-6CFA-43BF-8637-62125B571770}.Test|Win32.ActiveCfg = TestDebug|Win32
		{FE3A959D-6CFA-43BF-8637-62125B571770}.Test|Win32.Build.0 = TestDebug|Win32
		{FE3A959D-6CFA-43BF-8637-62125B571770}.Test|x64.ActiveCfg = TestDebug|x64
		{FE3A959D-6CFA-43BF-8637-62125B571770}.Test|x64.Build.0 = TestDebug|x64
		{FE3A959D-6CFA-43BF-8637-62125B571770}.TestDebug|Win32.ActiveCfg = TestDebug|Win32
		{FE3A959D-6CFA-43BF-8637-62125B571770}.TestDebug|Win32.Build.0 = TestDebug|Win32
		{FE3A959D-6CFA-43BF-8637-62125B571770}.TestDebug|x64.ActiveCfg = TestDebug|x64
		{FE3A959D-6CFA-43BF-8637-62125B571770}.TestDebug|x64.Build.0 = TestDebug|x64
		{2070DF9A-6D80-4E3C-950A-C1BBA1B20F4D}.Debug GDC|Win32.ActiveCfg = Debug GDC|Win32
		{2070DF9A-6D80-4E3C-950A-C1BBA1B20F4D}.Debug GDC|Win32.Build.0 = Debug GDC|Win32
		{2070DF9A-6D80-4E3C-950A-C1BBA1B20F4D}.Debug GDC|x64.ActiveCfg = Debug GDC|x64
		{2070DF9A-6D80-4E3C-950A-C1BBA1B20F4D}.Debug GDC|x64.Build.0 = Debug GDC|x64
		{2070DF9A-6D80-4E3C-950A-C1BBA1B20F4D}.Debug LDC|Win32.ActiveCfg = Debug GDC|Win32
		{2070DF9A-6D80-4E3C-950A-C1BBA1B20F4D}.Debug LDC|Win32.Build.0 = Debug GDC|Win32
		{2070DF9A-6D80-4E3C-950A-C1BBA1B20F4D}.Debug LDC|x64.ActiveCfg = Debug LDC|x64
		{2070DF9A-6D80-4E3C-950A-C1BBA1B20F4D}.Debug LDC|x64.Build.0 = Debug LDC|x64
		{2070DF9A-6D80-4E3C-950A-C1BBA1B20F4D}.Debug|Win32.ActiveCfg = Debug|Win32
		{2070DF9A-6D80-4E3C-950A-C1BBA1B20F4D}.Debug|Win32.Build.0 = Debug|Win32
		{2070DF9A-6D80-4E3C-950A-C1BBA1B20F4D}.Debug|x64.ActiveCfg = Debug|x64
		{2070DF9A-6D80-4E3C-950A-C1BBA1B20F4D}.Debug|x64.Build.0 = Debug|x64
		{2070DF9A-6D80-4E3C-950A-C1BBA1B20F4D}.Release|Win32.ActiveCfg = Release|Win32
		{2070DF9A-6D80-4E3C-950A-C1BBA1B20F4D}.Release|Win32.Build.0 = Release|Win32
		{2070DF9A-6D80-4E3C-950A-C1BBA1B20F4D}.Release|x64.ActiveCfg = Release|x64
		{2070DF9A-6D80-4E3C-950A-C1BBA1B20F4D}.Release|x64.Build.0 = Release|x64
		{2070DF9A-6D80-4E3C-950A-C1BBA1B20F4D}.Test|Win32.ActiveCfg = Release|Win32
		{2070DF9A-6D80-4E3C-950A-C1BBA1B20F4D}.Test|Win32.Build.0 = Release|Win32
		{2070DF9A-6D80-4E3C-950A-C1BBA1B20F4D}.Test|x64.ActiveCfg = TestDebug|x64
		{2070DF9A-6D80-4E3C-950A-C1BBA1B20F4D}.Test|x64.Build.0 = TestDebug|x64
		{2070DF9A-6D80-4E3C-950A-C1BBA1B20F4D}.TestDebug|Win32.ActiveCfg = Debug|Win32
		{2070DF9A-6D80-4E3C-950A-C1BBA1B20F4D}.TestDebug|Win32.Build.0 = Debug|Win32
		{2070DF9A-6D80-4E3C-950A-C1BBA1B20F4D}.TestDebug|x64.ActiveCfg = Debug|x64
		{2070DF9A-6D80-4E3C-950A-C1BBA1B20F4D}.TestDebug|x64.Build.0 = Debug|x64
		{E2073B79-635A-48FA-A5A3-6E760D3A5DD8}.Debug GDC|Win32.ActiveCfg = Debug GDC|Win32
		{E2073B79-635A-48FA-A5A3-6E760D3A5DD8}.Debug GDC|Win32.Build.0 = Debug GDC|Win32
		{E2073B79-635A-48FA-A5A3-6E760D3A5DD8}.Debug GDC|x64.ActiveCfg = Debug GDC|x64
		{E2073B79-635A-48FA-A5A3-6E760D3A5DD8}.Debug GDC|x64.Build.0 = Debug GDC|x64
		{E2073B79-635A-48FA-A5A3-6E760D3A5DD8}.Debug LDC|Win32.ActiveCfg = Debug GDC|Win32
		{E2073B79-635A-48FA-A5A3-6E760D3A5DD8}.Debug LDC|Win32.Build.0 = Debug GDC|Win32
		{E2073B79-635A-48FA-A5A3-6E760D3A5DD8}.Debug LDC|x64.ActiveCfg = Debug LDC|x64
		{E2073B79-635A-48FA-A5A3-6E760D3A5DD8}.Debug LDC|x64.Build.0 = Debug LDC|x64
		{E2073B79-635A-48FA-A5A3-6E760D3A5DD8}.Debug|Win32.ActiveCfg = Debug|Win32
		{E2073B79-635A-48FA-A5A3-6E760D3A5DD8}.Debug|Win32.Build.0 = Debug|Win32
		{E2073B79-635A-48FA-A5A3-6E760D3A5DD8}.Debug|x64.ActiveCfg = Debug|x64
		{E2073B79-635A-48FA-A5A3-6E760D3A5DD8}.Debug|x64.Build.0 = Debug|x64
		{E2073B79-635A-48FA-A5A3-6E760D3A5DD8}.Release|Win32.ActiveCfg = Release|Win32
		{E2073B79-635A-48FA-A5A3-6E760D3A5DD8}.Release|Win32.Build.0 = Release|Win32
		{E2073B79-635A-48FA-A5A3-6E760D3A5DD8}.Release|x64.ActiveCfg = Release|Win32
		{E2073B79-635A-48FA-A5A3-6E760D3A5DD8}.Test|Win32.ActiveCfg = Release|Win32
		{E2073B79-635A-48FA-A5A3-6E760D3A5DD8}.Test|x64.ActiveCfg = TestDebug|x64
		{E2073B79-635A-48FA-A5A3-6E760D3A5DD8}.Test|x64.Build.0 = TestDebug|x64
		{E2073B79-635A-48FA-A5A3-6E760D3A5DD8}.TestDebug|Win32.ActiveCfg = Debug|Win32
		{E2073B79-635A-48FA-A5A3-6E760D3A5DD8}.TestDebug|x64.ActiveCfg = Debug|Win32
		{E2073B79-635A-48FA-A5A3-6E500D3A5DD8}.Debug GDC|Win32.ActiveCfg = Debug GDC|Win32
		{E2073B79-635A-48FA-A5A3-6E500D3A5DD8}.Debug GDC|Win32.Build.0 = Debug GDC|Win32
		{E2073B79-635A-48FA-A5A3-6E500D3A5DD8}.Debug GDC|x64.ActiveCfg = Debug GDC|x64
		{E2073B79-635A-48FA-A5A3-6E500D3A5DD8}.Debug GDC|x64.Build.0 = Debug GDC|x64
		{E2073B79-635A-48FA-A5A3-6E500D3A5DD8}.Debug LDC|Win32.ActiveCfg = Debug GDC|Win32
		{E2073B79-635A-48FA-A5A3-6E500D3A5DD8}.Debug LDC|Win32.Build.0 = Debug GDC|Win32
		{E2073B79-635A-48FA-A5A3-6E500D3A5DD8}.Debug LDC|x64.ActiveCfg = Debug LDC|x64
		{E2073B79-635A-48FA-A5A3-6E500D3A5DD8}.Debug LDC|x64.Build.0 = Debug LDC|x64
		{E2073B79-635A-48FA-A5A3-6E500D3A5DD8}.Debug|Win32.ActiveCfg = Debug|Win32
		{E2073B79-635A-48FA-A5A3-6E500D3A5DD8}.Debug|Win32.Build.0 = Debug|Win32
		{E2073B79-635A-48FA-A5A3-6E500D3A5DD8}.Debug|x64.ActiveCfg = Debug|x64
		{E2073B79-635A-48FA-A5A3-6E500D3A5DD8}.Debug|x64.Build.0 = Debug|x64
		{E2073B79-635A-48FA-A5A3-6E500D3A5DD8}.Release|Win32.ActiveCfg = Release|Win32
		{E2073B79-635A-48FA-A5A3-6E500D3A5DD8}.Release|Win32.Build.0 = Release|Win32
		{E2073B79-635A-48FA-A5A3-6E500D3A5DD8}.Release|x64.ActiveCfg = Release|Win32
		{E2073B79-635A-48FA-A5A3-6E500D3A5DD8}.Test|Win32.ActiveCfg = Release|Win32
		{E2073B79-635A-48FA-A5A3-6E500D3A5DD8}.Test|x64.ActiveCfg = Debug GDC|Win32
		{E2073B79-635A-48FA-A5A3-6E500D3A5DD8}.TestDebug|Win32.ActiveCfg = Debug|Win32
		{E2073B79-635A-48FA-A5A3-6E500D3A5DD8}.TestDebug|x64.ActiveCfg = Debug|Win32
		{2F75431E-B8DB-4231-AAC1-EA68D06A22E6}.Debug GDC|Win32.ActiveCfg = Debug GDC|Win32
		{2F75431E-B8DB-4231-AAC1-EA68D06A22E6}.Debug GDC|Win32.Build.0 = Debug GDC|Win32
		{2F75431E-B8DB-4231-AAC1-EA68D06A22E6}.Debug GDC|x64.ActiveCfg = Debug GDC|x64
		{2F75431E-B8DB-4231-AAC1-EA68D06A22E6}.Debug GDC|x64.Build.0 = Debug GDC|x64
		{2F75431E-B8DB-4231-AAC1-EA68D06A22E6}.Debug LDC|Win32.ActiveCfg = Debug GDC|Win32
		{2F75431E-B8DB-4231-AAC1-EA68D06A22E6}.Debug LDC|Win32.Build.0 = Debug GDC|Win32
		{2F75431E-B8DB-4231-AAC1-EA68D06A22E6}.Debug LDC|x64.ActiveCfg = Debug LDC|x64
		{2F75431E-B8DB-4231-AAC1-EA68D06A22E6}.Debug LDC|x64.Build.0 = Debug LDC|x64
		{2F75431E-B8DB-4231-AAC1-EA68D06A22E6}.Debug|Win32.ActiveCfg = Debug|Win32
		{2F75431E-B8DB-4231-AAC1-EA68D06A22E6}.Debug|Win32.Build.0 = Debug|Win32
		{2F75431E-B8DB-4231-AAC1-EA68D06A22E6}.Debug|x64.ActiveCfg = Debug|x64
		{2F75431E-B8DB-4231-AAC1-EA68D06A22E6}.Debug|x64.Build.0 = Debug|x64
		{2F75431E-B8DB-4231-AAC1-EA68D06A22E6}.Release|Win32.ActiveCfg = Release|Win32
		{2F75431E-B8DB-4231-AAC1-EA68D06A22E6}.Release|Win32.Build.0 = Release|Win32
		{2F75431E-B8DB-4231-AAC1-EA68D06A22E6}.Release|x64.ActiveCfg = Release|x64
		{2F75431E-B8DB-4231-AAC1-EA68D06A22E6}.Release|x64.Build.0 = Release|x64
		{2F75431E-B8DB-4231-AAC1-EA68D06A22E6}.Test|Win32.ActiveCfg = Release|Win32
		{2F75431E-B8DB-4231-AAC1-EA68D06A22E6}.Test|x64.ActiveCfg = Debug|x64
		{2F75431E-B8DB-4231-AAC1-EA68D06A22E6}.Test|x64.Build.0 = Debug|x64
		{2F75431E-B8DB-4231-AAC1-EA68D06A22E6}.TestDebug|Win32.ActiveCfg = Debug|Win32
		{2F75431E-B8DB-4231-AAC1-EA68D06A22E6}.TestDebug|x64.ActiveCfg = Debug|x64
		{2F75431E-B8DB-4231-AAC1-EA68D06A22E6}.TestDebug|x64.Build.0 = Debug|x64
		{CD26A145-F663-473D-8908-0254FE377D48}.Debug GDC|Win32.ActiveCfg = Debug|Win32
		{CD26A145-F663-473D-8908-0254FE377D48}.Debug GDC|Win32.Build.0 = Debug|Win32
		{CD26A145-F663-473D-8908-0254FE377D48}.Debug GDC|x64.ActiveCfg = Debug|Win32
		{CD26A145-F663-473D-8908-0254FE377D48}.Debug LDC|Win32.ActiveCfg = Debug|Win32
		{CD26A145-F663-473D-8908-0254FE377D48}.Debug LDC|Win32.Build.0 = Debug|Win32
		{CD26A145-F663-473D-8908-0254FE377D48}.Debug LDC|x64.ActiveCfg = Debug|Win32
		{CD26A145-F663-473D-8908-0254FE377D48}.Debug|Win32.ActiveCfg = Debug|Win32
		{CD26A145-F663-473D-8908-0254FE377D48}.Debug|Win32.Build.0 = Debug|Win32
		{CD26A145-F663-473D-8908-0254FE377D48}.Debug|x64.ActiveCfg = Debug|Win32
		{CD26A145-F663-473D-8908-0254FE377D48}.Release|Win32.ActiveCfg = Release|Win32
		{CD26A145-F663-473D-8908-0254FE377D48}.Release|Win32.Build.0 = Release|Win32
		{CD26A145-F663-473D-8908-0254FE377D48}.Release|x64.ActiveCfg = Release|Win32
		{CD26A145-F663-473D-8908-0254FE377D48}.Test|Win32.ActiveCfg = Release|Win32
		{CD26A145-F663-473D-8908-0254FE377D48}.Test|Win32.Build.0 = Release|Win32
		{CD26A145-F663-473D-8908-0254FE377D48}.Test|x64.ActiveCfg = Release|Win32
		{CD26A145-F663-473D-8908-0254FE377D48}.TestDebug|Win32.ActiveCfg = Debug|Win32
		{CD26A145-F663-473D-8908-0254FE377D48}.TestDebug|Win32.Build.0 = Debug|Win32
		{CD26A145-F663-473D-8908-0254FE377D48}.TestDebug|x64.ActiveCfg = Debug|Win32
	EndGlobalSection
	GlobalSection(SolutionProperties) = preSolution
		HideSolutionNode = FALSE
	EndGlobalSection
	GlobalSection(NestedProjects) = preSolution
		{832B817E-DCF9-46DC-8440-6418B93E62B6} = {2BD51E62-6604-48AE-9E01-C940C0CA1C68}
		{342DCC0D-9F76-4AFE-B2BF-4FEFEB438D17} = {2BD51E62-6604-48AE-9E01-C940C0CA1C68}
		{36148913-8F44-4286-865F-7B140456DA36} = {2BD51E62-6604-48AE-9E01-C940C0CA1C68}
	EndGlobalSection
EndGlobal
