
Microsoft Visual Studio Solution File, Format Version 10.00
# Visual Studio 2008
Project("{002A2DE9-8BB6-484D-9802-7E4AD4084715}") = "VisualD", "visuald\visuald.visualdproj", "{7610F45A-69D9-4B68-BE63-0E055B51D447}"
	ProjectSection(ProjectDependencies) = postProject
		{32872753-4812-40DA-9B24-1C2114621E78} = {32872753-4812-40DA-9B24-1C2114621E78}
		{2070DF9A-6D80-4E3C-950A-C1BBA1B20F4D} = {2070DF9A-6D80-4E3C-950A-C1BBA1B20F4D}
		{FE3A959D-6CFA-43BF-8637-62125B571770} = {FE3A959D-6CFA-43BF-8637-62125B571770}
	EndProjectSection
EndProject
Project("{002A2DE9-8BB6-484D-9802-7E4AD4084715}") = "vsi", "sdk\vsi.visualdproj", "{32872753-4812-40DA-9B24-1C2114621E78}"
EndProject
Project("{2150E333-8FDC-42A3-9474-1A3956D46DE8}") = "Solution Items", "Solution Items", "{2BD51E62-6604-48AE-9E01-C940C0CA1C68}"
	ProjectSection(SolutionItems) = preProject
		CHANGES = CHANGES
		Makefile = Makefile
		README = README
		TODO = TODO
		VERSION = VERSION
		nsis\visuald.nsi = nsis\visuald.nsi
	EndProjectSection
EndProject
Project("{002A2DE9-8BB6-484D-9802-7E4AD4084715}") = "vsi2d", "c2d\vsi2d.visualdproj", "{8760F45A-69D9-4B68-BE63-0E055B51D447}"
EndProject
Project("{002A2DE9-8BB6-484D-9802-7E4AD4084715}") = "cpp2d", "c2d\cpp2d.visualdproj", "{E2073B79-635A-48FA-A5A3-6E500D3A5DD8}"
	ProjectSection(ProjectDependencies) = postProject
		{2070DF9A-6D80-4E3C-950A-C1BBA1B20F4D} = {2070DF9A-6D80-4E3C-950A-C1BBA1B20F4D}
	EndProjectSection
EndProject
Project("{002A2DE9-8BB6-484D-9802-7E4AD4084715}") = "pp4d", "c2d\pp4d.visualdproj", "{DD5C355B-9B0E-4932-8EA4-3B51DC0183DB}"
EndProject
Project("{002A2DE9-8BB6-484D-9802-7E4AD4084715}") = "parser", "vdc\parser.visualdproj", "{FE3A959D-6CFA-43BF-8637-62125B571770}"
	ProjectSection(ProjectDependencies) = postProject
		{2070DF9A-6D80-4E3C-950A-C1BBA1B20F4D} = {2070DF9A-6D80-4E3C-950A-C1BBA1B20F4D}
	EndProjectSection
EndProject
Project("{002A2DE9-8BB6-484D-9802-7E4AD4084715}") = "magotest", "magotest\magotest.visualdproj", "{8757B442-D8DE-4CDF-ACF4-097D8B69BEFF}"
EndProject
Project("{002A2DE9-8BB6-484D-9802-7E4AD4084715}") = "dmdgen", "C:\tmp\d\dmdgen\dmdgen.visualdproj", "{2CA93A4E-C812-417E-B925-4C5E56B031FB}"
EndProject
Project("{002A2DE9-8BB6-484D-9802-7E4AD4084715}") = "stdext", "stdext\stdext.visualdproj", "{2070DF9A-6D80-4E3C-950A-C1BBA1B20F4D}"
EndProject
Project("{2150E333-8FDC-42A3-9474-1A3956D46DE8}") = "visuald", "visuald", "{B10D4330-4E7B-4F8F-A7F2-E85DF5949EC1}"
	ProjectSection(SolutionItems) = preProject
		visuald\Makefile = visuald\Makefile
	EndProjectSection
EndProject
Global
	GlobalSection(SolutionConfigurationPlatforms) = preSolution
		Debug|Win32 = Debug|Win32
		Release|Win32 = Release|Win32
		Test|Win32 = Test|Win32
	EndGlobalSection
	GlobalSection(ProjectConfigurationPlatforms) = postSolution
		{7610F45A-69D9-4B68-BE63-0E055B51D447}.Debug|Win32.ActiveCfg = Debug|Win32
		{7610F45A-69D9-4B68-BE63-0E055B51D447}.Debug|Win32.Build.0 = Debug|Win32
		{7610F45A-69D9-4B68-BE63-0E055B51D447}.Release|Win32.ActiveCfg = Release|Win32
		{7610F45A-69D9-4B68-BE63-0E055B51D447}.Release|Win32.Build.0 = Release|Win32
		{7610F45A-69D9-4B68-BE63-0E055B51D447}.Test|Win32.ActiveCfg = Debug|Win32
		{7610F45A-69D9-4B68-BE63-0E055B51D447}.Test|Win32.Build.0 = Debug|Win32
		{32872753-4812-40DA-9B24-1C2114621E78}.Debug|Win32.ActiveCfg = Debug|Win32
		{32872753-4812-40DA-9B24-1C2114621E78}.Debug|Win32.Build.0 = Debug|Win32
		{32872753-4812-40DA-9B24-1C2114621E78}.Release|Win32.ActiveCfg = Release|Win32
		{32872753-4812-40DA-9B24-1C2114621E78}.Release|Win32.Build.0 = Release|Win32
		{32872753-4812-40DA-9B24-1C2114621E78}.Test|Win32.ActiveCfg = Debug|Win32
		{32872753-4812-40DA-9B24-1C2114621E78}.Test|Win32.Build.0 = Debug|Win32
		{8760F45A-69D9-4B68-BE63-0E055B51D447}.Debug|Win32.ActiveCfg = Debug|Win32
		{8760F45A-69D9-4B68-BE63-0E055B51D447}.Debug|Win32.Build.0 = Debug|Win32
		{8760F45A-69D9-4B68-BE63-0E055B51D447}.Release|Win32.ActiveCfg = Release|Win32
		{8760F45A-69D9-4B68-BE63-0E055B51D447}.Release|Win32.Build.0 = Release|Win32
		{8760F45A-69D9-4B68-BE63-0E055B51D447}.Test|Win32.ActiveCfg = Debug|Win32
		{8760F45A-69D9-4B68-BE63-0E055B51D447}.Test|Win32.Build.0 = Debug|Win32
		{E2073B79-635A-48FA-A5A3-6E500D3A5DD8}.Debug|Win32.ActiveCfg = Debug|Win32
		{E2073B79-635A-48FA-A5A3-6E500D3A5DD8}.Debug|Win32.Build.0 = Debug|Win32
		{E2073B79-635A-48FA-A5A3-6E500D3A5DD8}.Release|Win32.ActiveCfg = Release|Win32
		{E2073B79-635A-48FA-A5A3-6E500D3A5DD8}.Release|Win32.Build.0 = Release|Win32
		{E2073B79-635A-48FA-A5A3-6E500D3A5DD8}.Test|Win32.ActiveCfg = Debug|Win32
		{E2073B79-635A-48FA-A5A3-6E500D3A5DD8}.Test|Win32.Build.0 = Debug|Win32
		{DD5C355B-9B0E-4932-8EA4-3B51DC0183DB}.Debug|Win32.ActiveCfg = Debug|Win32
		{DD5C355B-9B0E-4932-8EA4-3B51DC0183DB}.Debug|Win32.Build.0 = Debug|Win32
		{DD5C355B-9B0E-4932-8EA4-3B51DC0183DB}.Release|Win32.ActiveCfg = Release|Win32
		{DD5C355B-9B0E-4932-8EA4-3B51DC0183DB}.Release|Win32.Build.0 = Release|Win32
		{DD5C355B-9B0E-4932-8EA4-3B51DC0183DB}.Test|Win32.ActiveCfg = Debug|Win32
		{DD5C355B-9B0E-4932-8EA4-3B51DC0183DB}.Test|Win32.Build.0 = Debug|Win32
		{FE3A959D-6CFA-43BF-8637-62125B571770}.Debug|Win32.ActiveCfg = Debug|Win32
		{FE3A959D-6CFA-43BF-8637-62125B571770}.Debug|Win32.Build.0 = Debug|Win32
		{FE3A959D-6CFA-43BF-8637-62125B571770}.Release|Win32.ActiveCfg = Release|Win32
		{FE3A959D-6CFA-43BF-8637-62125B571770}.Release|Win32.Build.0 = Release|Win32
		{FE3A959D-6CFA-43BF-8637-62125B571770}.Test|Win32.ActiveCfg = TestDebug|Win32
		{FE3A959D-6CFA-43BF-8637-62125B571770}.Test|Win32.Build.0 = TestDebug|Win32
		{8757B442-D8DE-4CDF-ACF4-097D8B69BEFF}.Debug|Win32.ActiveCfg = Debug|Win32
		{8757B442-D8DE-4CDF-ACF4-097D8B69BEFF}.Debug|Win32.Build.0 = Debug|Win32
		{8757B442-D8DE-4CDF-ACF4-097D8B69BEFF}.Release|Win32.ActiveCfg = Release|Win32
		{8757B442-D8DE-4CDF-ACF4-097D8B69BEFF}.Release|Win32.Build.0 = Release|Win32
		{8757B442-D8DE-4CDF-ACF4-097D8B69BEFF}.Test|Win32.ActiveCfg = Debug|Win32
		{8757B442-D8DE-4CDF-ACF4-097D8B69BEFF}.Test|Win32.Build.0 = Debug|Win32
		{2CA93A4E-C812-417E-B925-4C5E56B031FB}.Debug|Win32.ActiveCfg = Debug|Win32
		{2CA93A4E-C812-417E-B925-4C5E56B031FB}.Debug|Win32.Build.0 = Debug|Win32
		{2CA93A4E-C812-417E-B925-4C5E56B031FB}.Release|Win32.ActiveCfg = Release|Win32
		{2CA93A4E-C812-417E-B925-4C5E56B031FB}.Release|Win32.Build.0 = Release|Win32
		{2CA93A4E-C812-417E-B925-4C5E56B031FB}.Test|Win32.ActiveCfg = Release|Win32
		{2CA93A4E-C812-417E-B925-4C5E56B031FB}.Test|Win32.Build.0 = Release|Win32
		{2070DF9A-6D80-4E3C-950A-C1BBA1B20F4D}.Debug|Win32.ActiveCfg = Debug|Win32
		{2070DF9A-6D80-4E3C-950A-C1BBA1B20F4D}.Debug|Win32.Build.0 = Debug|Win32
		{2070DF9A-6D80-4E3C-950A-C1BBA1B20F4D}.Release|Win32.ActiveCfg = Release|Win32
		{2070DF9A-6D80-4E3C-950A-C1BBA1B20F4D}.Release|Win32.Build.0 = Release|Win32
		{2070DF9A-6D80-4E3C-950A-C1BBA1B20F4D}.Test|Win32.ActiveCfg = Release|Win32
		{2070DF9A-6D80-4E3C-950A-C1BBA1B20F4D}.Test|Win32.Build.0 = Release|Win32
	EndGlobalSection
	GlobalSection(SolutionProperties) = preSolution
		HideSolutionNode = FALSE
	EndGlobalSection
	GlobalSection(NestedProjects) = preSolution
		{B10D4330-4E7B-4F8F-A7F2-E85DF5949EC1} = {2BD51E62-6604-48AE-9E01-C940C0CA1C68}
	EndGlobalSection
EndGlobal
