
Microsoft Visual Studio Solution File, Format Version 10.00
# Visual Studio 2008
Project("{8BC9CEB8-8B4A-11D0-8D11-00A0C91BC942}") = "c2d", "c2d\c2d.vcproj", "{ABE0389D-7D3F-4D5E-AE0E-C871776E86AF}"
EndProject
Project("{8BC9CEB8-8B4A-11D0-8D11-00A0C91BC942}") = "visuald", "visuald\visuald.vcproj", "{CCC0389D-7D3F-4D5E-AE0E-C871776E86AF}"
	ProjectSection(ProjectDependencies) = postProject
		{ABE0329D-553F-4D5E-AE0E-C871776E8987} = {ABE0329D-553F-4D5E-AE0E-C871776E8987}
	EndProjectSection
EndProject
Project("{8BC9CEB8-8B4A-11D0-8D11-00A0C91BC942}") = "vsi", "sdk\vsi.vcproj", "{ABE0329D-553F-4D5E-AE0E-C871776E8987}"
EndProject
Project("{2150E333-8FDC-42A3-9474-1A3956D46DE8}") = "Solution Items", "Solution Items", "{5BC571AF-BE25-49A2-9634-36544F50DB4A}"
	ProjectSection(SolutionItems) = preProject
		CHANGES = CHANGES
		LICENSE = LICENSE
		Makefile = Makefile
		README = README
		VERSION = VERSION
	EndProjectSection
EndProject
Global
	GlobalSection(SolutionConfigurationPlatforms) = preSolution
		Debug|Win32 = Debug|Win32
		Release|Win32 = Release|Win32
	EndGlobalSection
	GlobalSection(ProjectConfigurationPlatforms) = postSolution
		{ABE0389D-7D3F-4D5E-AE0E-C871776E86AF}.Debug|Win32.ActiveCfg = Debug|Win32
		{ABE0389D-7D3F-4D5E-AE0E-C871776E86AF}.Debug|Win32.Build.0 = Debug|Win32
		{ABE0389D-7D3F-4D5E-AE0E-C871776E86AF}.Release|Win32.ActiveCfg = Release|Win32
		{ABE0389D-7D3F-4D5E-AE0E-C871776E86AF}.Release|Win32.Build.0 = Release|Win32
		{CCC0389D-7D3F-4D5E-AE0E-C871776E86AF}.Debug|Win32.ActiveCfg = Debug|Win32
		{CCC0389D-7D3F-4D5E-AE0E-C871776E86AF}.Debug|Win32.Build.0 = Debug|Win32
		{CCC0389D-7D3F-4D5E-AE0E-C871776E86AF}.Release|Win32.ActiveCfg = Release|Win32
		{CCC0389D-7D3F-4D5E-AE0E-C871776E86AF}.Release|Win32.Build.0 = Release|Win32
		{ABE0329D-553F-4D5E-AE0E-C871776E8987}.Debug|Win32.ActiveCfg = Debug|Win32
		{ABE0329D-553F-4D5E-AE0E-C871776E8987}.Debug|Win32.Build.0 = Debug|Win32
		{ABE0329D-553F-4D5E-AE0E-C871776E8987}.Release|Win32.ActiveCfg = Release|Win32
		{ABE0329D-553F-4D5E-AE0E-C871776E8987}.Release|Win32.Build.0 = Release|Win32
	EndGlobalSection
	GlobalSection(SolutionProperties) = preSolution
		HideSolutionNode = FALSE
	EndGlobalSection
EndGlobal
